// !$*UTF8*$!
{
	archiveVersion = 1;
	classes = {
	};
	objectVersion = 50;
	objects = {

/* Begin PBXBuildFile section */
		2B41448F26FB88A10049A84D /* AppDelegate.swift in Sources */ = {isa = PBXBuildFile; fileRef = 2B41448E26FB88A10049A84D /* AppDelegate.swift */; };
		2B41449126FB88A10049A84D /* SceneDelegate.swift in Sources */ = {isa = PBXBuildFile; fileRef = 2B41449026FB88A10049A84D /* SceneDelegate.swift */; };
		2B41449326FB88A10049A84D /* ViewController.swift in Sources */ = {isa = PBXBuildFile; fileRef = 2B41449226FB88A10049A84D /* ViewController.swift */; };
		2B41449626FB88A10049A84D /* Main.storyboard in Resources */ = {isa = PBXBuildFile; fileRef = 2B41449426FB88A10049A84D /* Main.storyboard */; };
		2B41449826FB88A10049A84D /* Assets.xcassets in Resources */ = {isa = PBXBuildFile; fileRef = 2B41449726FB88A10049A84D /* Assets.xcassets */; };
		2B41449B26FB88A10049A84D /* LaunchScreen.storyboard in Resources */ = {isa = PBXBuildFile; fileRef = 2B41449926FB88A10049A84D /* LaunchScreen.storyboard */; };
		2B4144A626FB88A20049A84D /* applepieprojectTests.swift in Sources */ = {isa = PBXBuildFile; fileRef = 2B4144A526FB88A20049A84D /* applepieprojectTests.swift */; };
		2B4144B126FB88A20049A84D /* applepieprojectUITests.swift in Sources */ = {isa = PBXBuildFile; fileRef = 2B4144B026FB88A20049A84D /* applepieprojectUITests.swift */; };
		2B742E11270372D300AE1C39 /* Game.swift in Sources */ = {isa = PBXBuildFile; fileRef = 2B742E10270372D300AE1C39 /* Game.swift */; };
/* End PBXBuildFile section */

/* Begin PBXContainerItemProxy section */
		2B4144A226FB88A20049A84D /* PBXContainerItemProxy */ = {
			isa = PBXContainerItemProxy;
			containerPortal = 2B41448326FB88A10049A84D /* Project object */;
			proxyType = 1;
			remoteGlobalIDString = 2B41448A26FB88A10049A84D;
			remoteInfo = applepieproject;
		};
		2B4144AD26FB88A20049A84D /* PBXContainerItemProxy */ = {
			isa = PBXContainerItemProxy;
			containerPortal = 2B41448326FB88A10049A84D /* Project object */;
			proxyType = 1;
			remoteGlobalIDString = 2B41448A26FB88A10049A84D;
			remoteInfo = applepieproject;
		};
/* End PBXContainerItemProxy section */

/* Begin PBXFileReference section */
		2B41448B26FB88A10049A84D /* applepieproject.app */ = {isa = PBXFileReference; explicitFileType = wrapper.application; includeInIndex = 0; path = applepieproject.app; sourceTree = BUILT_PRODUCTS_DIR; };
		2B41448E26FB88A10049A84D /* AppDelegate.swift */ = {isa = PBXFileReference; lastKnownFileType = sourcecode.swift; path = AppDelegate.swift; sourceTree = "<group>"; };
		2B41449026FB88A10049A84D /* SceneDelegate.swift */ = {isa = PBXFileReference; lastKnownFileType = sourcecode.swift; path = SceneDelegate.swift; sourceTree = "<group>"; };
		2B41449226FB88A10049A84D /* ViewController.swift */ = {isa = PBXFileReference; lastKnownFileType = sourcecode.swift; path = ViewController.swift; sourceTree = "<group>"; };
		2B41449526FB88A10049A84D /* Base */ = {isa = PBXFileReference; lastKnownFileType = file.storyboard; name = Base; path = Base.lproj/Main.storyboard; sourceTree = "<group>"; };
		2B41449726FB88A10049A84D /* Assets.xcassets */ = {isa = PBXFileReference; lastKnownFileType = folder.assetcatalog; path = Assets.xcassets; sourceTree = "<group>"; };
		2B41449A26FB88A10049A84D /* Base */ = {isa = PBXFileReference; lastKnownFileType = file.storyboard; name = Base; path = Base.lproj/LaunchScreen.storyboard; sourceTree = "<group>"; };
		2B41449C26FB88A10049A84D /* Info.plist */ = {isa = PBXFileReference; lastKnownFileType = text.plist.xml; path = Info.plist; sourceTree = "<group>"; };
		2B4144A126FB88A20049A84D /* applepieprojectTests.xctest */ = {isa = PBXFileReference; explicitFileType = wrapper.cfbundle; includeInIndex = 0; path = applepieprojectTests.xctest; sourceTree = BUILT_PRODUCTS_DIR; };
		2B4144A526FB88A20049A84D /* applepieprojectTests.swift */ = {isa = PBXFileReference; lastKnownFileType = sourcecode.swift; path = applepieprojectTests.swift; sourceTree = "<group>"; };
		2B4144A726FB88A20049A84D /* Info.plist */ = {isa = PBXFileReference; lastKnownFileType = text.plist.xml; path = Info.plist; sourceTree = "<group>"; };
		2B4144AC26FB88A20049A84D /* applepieprojectUITests.xctest */ = {isa = PBXFileReference; explicitFileType = wrapper.cfbundle; includeInIndex = 0; path = applepieprojectUITests.xctest; sourceTree = BUILT_PRODUCTS_DIR; };
		2B4144B026FB88A20049A84D /* applepieprojectUITests.swift */ = {isa = PBXFileReference; lastKnownFileType = sourcecode.swift; path = applepieprojectUITests.swift; sourceTree = "<group>"; };
		2B4144B226FB88A20049A84D /* Info.plist */ = {isa = PBXFileReference; lastKnownFileType = text.plist.xml; path = Info.plist; sourceTree = "<group>"; };
		2B742E10270372D300AE1C39 /* Game.swift */ = {isa = PBXFileReference; lastKnownFileType = sourcecode.swift; path = Game.swift; sourceTree = "<group>"; };
/* End PBXFileReference section */

/* Begin PBXFrameworksBuildPhase section */
		2B41448826FB88A10049A84D /* Frameworks */ = {
			isa = PBXFrameworksBuildPhase;
			buildActionMask = 2147483647;
			files = (
			);
			runOnlyForDeploymentPostprocessing = 0;
		};
		2B41449E26FB88A20049A84D /* Frameworks */ = {
			isa = PBXFrameworksBuildPhase;
			buildActionMask = 2147483647;
			files = (
			);
			runOnlyForDeploymentPostprocessing = 0;
		};
		2B4144A926FB88A20049A84D /* Frameworks */ = {
			isa = PBXFrameworksBuildPhase;
			buildActionMask = 2147483647;
			files = (
			);
			runOnlyForDeploymentPostprocessing = 0;
		};
/* End PBXFrameworksBuildPhase section */

/* Begin PBXGroup section */
		2B41448226FB88A10049A84D = {
			isa = PBXGroup;
			children = (
				2B41448D26FB88A10049A84D /* applepieproject */,
				2B4144A426FB88A20049A84D /* applepieprojectTests */,
				2B4144AF26FB88A20049A84D /* applepieprojectUITests */,
				2B41448C26FB88A10049A84D /* Products */,
			);
			sourceTree = "<group>";
		};
		2B41448C26FB88A10049A84D /* Products */ = {
			isa = PBXGroup;
			children = (
				2B41448B26FB88A10049A84D /* applepieproject.app */,
				2B4144A126FB88A20049A84D /* applepieprojectTests.xctest */,
				2B4144AC26FB88A20049A84D /* applepieprojectUITests.xctest */,
			);
			name = Products;
			sourceTree = "<group>";
		};
		2B41448D26FB88A10049A84D /* applepieproject */ = {
			isa = PBXGroup;
			children = (
				2B41448E26FB88A10049A84D /* AppDelegate.swift */,
				2B41449026FB88A10049A84D /* SceneDelegate.swift */,
				2B41449226FB88A10049A84D /* ViewController.swift */,
				2B742E10270372D300AE1C39 /* Game.swift */,
				2B41449426FB88A10049A84D /* Main.storyboard */,
				2B41449726FB88A10049A84D /* Assets.xcassets */,
				2B41449926FB88A10049A84D /* LaunchScreen.storyboard */,
				2B41449C26FB88A10049A84D /* Info.plist */,
			);
			path = applepieproject;
			sourceTree = "<group>";
		};
		2B4144A426FB88A20049A84D /* applepieprojectTests */ = {
			isa = PBXGroup;
			children = (
				2B4144A526FB88A20049A84D /* applepieprojectTests.swift */,
				2B4144A726FB88A20049A84D /* Info.plist */,
			);
			path = applepieprojectTests;
			sourceTree = "<group>";
		};
		2B4144AF26FB88A20049A84D /* applepieprojectUITests */ = {
			isa = PBXGroup;
			children = (
				2B4144B026FB88A20049A84D /* applepieprojectUITests.swift */,
				2B4144B226FB88A20049A84D /* Info.plist */,
			);
			path = applepieprojectUITests;
			sourceTree = "<group>";
		};
/* End PBXGroup section */

/* Begin PBXNativeTarget section */
		2B41448A26FB88A10049A84D /* applepieproject */ = {
			isa = PBXNativeTarget;
			buildConfigurationList = 2B4144B526FB88A20049A84D /* Build configuration list for PBXNativeTarget "applepieproject" */;
			buildPhases = (
				2B41448726FB88A10049A84D /* Sources */,
				2B41448826FB88A10049A84D /* Frameworks */,
				2B41448926FB88A10049A84D /* Resources */,
			);
			buildRules = (
			);
			dependencies = (
			);
			name = applepieproject;
			productName = applepieproject;
			productReference = 2B41448B26FB88A10049A84D /* applepieproject.app */;
			productType = "com.apple.product-type.application";
		};
		2B4144A026FB88A20049A84D /* applepieprojectTests */ = {
			isa = PBXNativeTarget;
			buildConfigurationList = 2B4144B826FB88A20049A84D /* Build configuration list for PBXNativeTarget "applepieprojectTests" */;
			buildPhases = (
				2B41449D26FB88A20049A84D /* Sources */,
				2B41449E26FB88A20049A84D /* Frameworks */,
				2B41449F26FB88A20049A84D /* Resources */,
			);
			buildRules = (
			);
			dependencies = (
				2B4144A326FB88A20049A84D /* PBXTargetDependency */,
			);
			name = applepieprojectTests;
			productName = applepieprojectTests;
			productReference = 2B4144A126FB88A20049A84D /* applepieprojectTests.xctest */;
			productType = "com.apple.product-type.bundle.unit-test";
		};
		2B4144AB26FB88A20049A84D /* applepieprojectUITests */ = {
			isa = PBXNativeTarget;
			buildConfigurationList = 2B4144BB26FB88A20049A84D /* Build configuration list for PBXNativeTarget "applepieprojectUITests" */;
			buildPhases = (
				2B4144A826FB88A20049A84D /* Sources */,
				2B4144A926FB88A20049A84D /* Frameworks */,
				2B4144AA26FB88A20049A84D /* Resources */,
			);
			buildRules = (
			);
			dependencies = (
				2B4144AE26FB88A20049A84D /* PBXTargetDependency */,
			);
			name = applepieprojectUITests;
			productName = applepieprojectUITests;
			productReference = 2B4144AC26FB88A20049A84D /* applepieprojectUITests.xctest */;
			productType = "com.apple.product-type.bundle.ui-testing";
		};
/* End PBXNativeTarget section */

/* Begin PBXProject section */
		2B41448326FB88A10049A84D /* Project object */ = {
			isa = PBXProject;
			attributes = {
				LastSwiftUpdateCheck = 1250;
				LastUpgradeCheck = 1250;
				TargetAttributes = {
					2B41448A26FB88A10049A84D = {
						CreatedOnToolsVersion = 12.5.1;
					};
					2B4144A026FB88A20049A84D = {
						CreatedOnToolsVersion = 12.5.1;
						TestTargetID = 2B41448A26FB88A10049A84D;
					};
					2B4144AB26FB88A20049A84D = {
						CreatedOnToolsVersion = 12.5.1;
						TestTargetID = 2B41448A26FB88A10049A84D;
					};
				};
			};
			buildConfigurationList = 2B41448626FB88A10049A84D /* Build configuration list for PBXProject "applepieproject" */;
			compatibilityVersion = "Xcode 9.3";
			developmentRegion = en;
			hasScannedForEncodings = 0;
			knownRegions = (
				en,
				Base,
			);
			mainGroup = 2B41448226FB88A10049A84D;
			productRefGroup = 2B41448C26FB88A10049A84D /* Products */;
			projectDirPath = "";
			projectRoot = "";
			targets = (
				2B41448A26FB88A10049A84D /* applepieproject */,
				2B4144A026FB88A20049A84D /* applepieprojectTests */,
				2B4144AB26FB88A20049A84D /* applepieprojectUITests */,
			);
		};
/* End PBXProject section */

/* Begin PBXResourcesBuildPhase section */
		2B41448926FB88A10049A84D /* Resources */ = {
			isa = PBXResourcesBuildPhase;
			buildActionMask = 2147483647;
			files = (
				2B41449B26FB88A10049A84D /* LaunchScreen.storyboard in Resources */,
				2B41449826FB88A10049A84D /* Assets.xcassets in Resources */,
				2B41449626FB88A10049A84D /* Main.storyboard in Resources */,
			);
			runOnlyForDeploymentPostprocessing = 0;
		};
		2B41449F26FB88A20049A84D /* Resources */ = {
			isa = PBXResourcesBuildPhase;
			buildActionMask = 2147483647;
			files = (
			);
			runOnlyForDeploymentPostprocessing = 0;
		};
		2B4144AA26FB88A20049A84D /* Resources */ = {
			isa = PBXResourcesBuildPhase;
			buildActionMask = 2147483647;
			files = (
			);
			runOnlyForDeploymentPostprocessing = 0;
		};
/* End PBXResourcesBuildPhase section */

/* Begin PBXSourcesBuildPhase section */
		2B41448726FB88A10049A84D /* Sources */ = {
			isa = PBXSourcesBuildPhase;
			buildActionMask = 2147483647;
			files = (
				2B41449326FB88A10049A84D /* ViewController.swift in Sources */,
				2B41448F26FB88A10049A84D /* AppDelegate.swift in Sources */,
				2B41449126FB88A10049A84D /* SceneDelegate.swift in Sources */,
				2B742E11270372D300AE1C39 /* Game.swift in Sources */,
			);
			runOnlyForDeploymentPostprocessing = 0;
		};
		2B41449D26FB88A20049A84D /* Sources */ = {
			isa = PBXSourcesBuildPhase;
			buildActionMask = 2147483647;
			files = (
				2B4144A626FB88A20049A84D /* applepieprojectTests.swift in Sources */,
			);
			runOnlyForDeploymentPostprocessing = 0;
		};
		2B4144A826FB88A20049A84D /* Sources */ = {
			isa = PBXSourcesBuildPhase;
			buildActionMask = 2147483647;
			files = (
				2B4144B126FB88A20049A84D /* applepieprojectUITests.swift in Sources */,
			);
			runOnlyForDeploymentPostprocessing = 0;
		};
/* End PBXSourcesBuildPhase section */

/* Begin PBXTargetDependency section */
		2B4144A326FB88A20049A84D /* PBXTargetDependency */ = {
			isa = PBXTargetDependency;
			target = 2B41448A26FB88A10049A84D /* applepieproject */;
			targetProxy = 2B4144A226FB88A20049A84D /* PBXContainerItemProxy */;
		};
		2B4144AE26FB88A20049A84D /* PBXTargetDependency */ = {
			isa = PBXTargetDependency;
			target = 2B41448A26FB88A10049A84D /* applepieproject */;
			targetProxy = 2B4144AD26FB88A20049A84D /* PBXContainerItemProxy */;
		};
/* End PBXTargetDependency section */

/* Begin PBXVariantGroup section */
		2B41449426FB88A10049A84D /* Main.storyboard */ = {
			isa = PBXVariantGroup;
			children = (
				2B41449526FB88A10049A84D /* Base */,
			);
			name = Main.storyboard;
			sourceTree = "<group>";
		};
		2B41449926FB88A10049A84D /* LaunchScreen.storyboard */ = {
			isa = PBXVariantGroup;
			children = (
				2B41449A26FB88A10049A84D /* Base */,
			);
			name = LaunchScreen.storyboard;
			sourceTree = "<group>";
		};
/* End PBXVariantGroup section */

/* Begin XCBuildConfiguration section */
		2B4144B326FB88A20049A84D /* Debug */ = {
			isa = XCBuildConfiguration;
			buildSettings = {
				ALWAYS_SEARCH_USER_PATHS = NO;
				CLANG_ANALYZER_NONNULL = YES;
				CLANG_ANALYZER_NUMBER_OBJECT_CONVERSION = YES_AGGRESSIVE;
				CLANG_CXX_LANGUAGE_STANDARD = "gnu++14";
				CLANG_CXX_LIBRARY = "libc++";
				CLANG_ENABLE_MODULES = YES;
				CLANG_ENABLE_OBJC_ARC = YES;
				CLANG_ENABLE_OBJC_WEAK = YES;
				CLANG_WARN_BLOCK_CAPTURE_AUTORELEASING = YES;
				CLANG_WARN_BOOL_CONVERSION = YES;
				CLANG_WARN_COMMA = YES;
				CLANG_WARN_CONSTANT_CONVERSION = YES;
				CLANG_WARN_DEPRECATED_OBJC_IMPLEMENTATIONS = YES;
				CLANG_WARN_DIRECT_OBJC_ISA_USAGE = YES_ERROR;
				CLANG_WARN_DOCUMENTATION_COMMENTS = YES;
				CLANG_WARN_EMPTY_BODY = YES;
				CLANG_WARN_ENUM_CONVERSION = YES;
				CLANG_WARN_INFINITE_RECURSION = YES;
				CLANG_WARN_INT_CONVERSION = YES;
				CLANG_WARN_NON_LITERAL_NULL_CONVERSION = YES;
				CLANG_WARN_OBJC_IMPLICIT_RETAIN_SELF = YES;
				CLANG_WARN_OBJC_LITERAL_CONVERSION = YES;
				CLANG_WARN_OBJC_ROOT_CLASS = YES_ERROR;
				CLANG_WARN_QUOTED_INCLUDE_IN_FRAMEWORK_HEADER = YES;
				CLANG_WARN_RANGE_LOOP_ANALYSIS = YES;
				CLANG_WARN_STRICT_PROTOTYPES = YES;
				CLANG_WARN_SUSPICIOUS_MOVE = YES;
				CLANG_WARN_UNGUARDED_AVAILABILITY = YES_AGGRESSIVE;
				CLANG_WARN_UNREACHABLE_CODE = YES;
				CLANG_WARN__DUPLICATE_METHOD_MATCH = YES;
				COPY_PHASE_STRIP = NO;
				DEBUG_INFORMATION_FORMAT = dwarf;
				ENABLE_STRICT_OBJC_MSGSEND = YES;
				ENABLE_TESTABILITY = YES;
				GCC_C_LANGUAGE_STANDARD = gnu11;
				GCC_DYNAMIC_NO_PIC = NO;
				GCC_NO_COMMON_BLOCKS = YES;
				GCC_OPTIMIZATION_LEVEL = 0;
				GCC_PREPROCESSOR_DEFINITIONS = (
					"DEBUG=1",
					"$(inherited)",
				);
				GCC_WARN_64_TO_32_BIT_CONVERSION = YES;
				GCC_WARN_ABOUT_RETURN_TYPE = YES_ERROR;
				GCC_WARN_UNDECLARED_SELECTOR = YES;
				GCC_WARN_UNINITIALIZED_AUTOS = YES_AGGRESSIVE;
				GCC_WARN_UNUSED_FUNCTION = YES;
				GCC_WARN_UNUSED_VARIABLE = YES;
				IPHONEOS_DEPLOYMENT_TARGET = 14.5;
				MTL_ENABLE_DEBUG_INFO = INCLUDE_SOURCE;
				MTL_FAST_MATH = YES;
				ONLY_ACTIVE_ARCH = YES;
				SDKROOT = iphoneos;
				SWIFT_ACTIVE_COMPILATION_CONDITIONS = DEBUG;
				SWIFT_OPTIMIZATION_LEVEL = "-Onone";
			};
			name = Debug;
		};
		2B4144B426FB88A20049A84D /* Release */ = {
			isa = XCBuildConfiguration;
			buildSettings = {
				ALWAYS_SEARCH_USER_PATHS = NO;
				CLANG_ANALYZER_NONNULL = YES;
				CLANG_ANALYZER_NUMBER_OBJECT_CONVERSION = YES_AGGRESSIVE;
				CLANG_CXX_LANGUAGE_STANDARD = "gnu++14";
				CLANG_CXX_LIBRARY = "libc++";
				CLANG_ENABLE_MODULES = YES;
				CLANG_ENABLE_OBJC_ARC = YES;
				CLANG_ENABLE_OBJC_WEAK = YES;
				CLANG_WARN_BLOCK_CAPTURE_AUTORELEASING = YES;
				CLANG_WARN_BOOL_CONVERSION = YES;
				CLANG_WARN_COMMA = YES;
				CLANG_WARN_CONSTANT_CONVERSION = YES;
				CLANG_WARN_DEPRECATED_OBJC_IMPLEMENTATIONS = YES;
				CLANG_WARN_DIRECT_OBJC_ISA_USAGE = YES_ERROR;
				CLANG_WARN_DOCUMENTATION_COMMENTS = YES;
				CLANG_WARN_EMPTY_BODY = YES;
				CLANG_WARN_ENUM_CONVERSION = YES;
				CLANG_WARN_INFINITE_RECURSION = YES;
				CLANG_WARN_INT_CONVERSION = YES;
				CLANG_WARN_NON_LITERAL_NULL_CONVERSION = YES;
				CLANG_WARN_OBJC_IMPLICIT_RETAIN_SELF = YES;
				CLANG_WARN_OBJC_LITERAL_CONVERSION = YES;
				CLANG_WARN_OBJC_ROOT_CLASS = YES_ERROR;
				CLANG_WARN_QUOTED_INCLUDE_IN_FRAMEWORK_HEADER = YES;
				CLANG_WARN_RANGE_LOOP_ANALYSIS = YES;
				CLANG_WARN_STRICT_PROTOTYPES = YES;
				CLANG_WARN_SUSPICIOUS_MOVE = YES;
				CLANG_WARN_UNGUARDED_AVAILABILITY = YES_AGGRESSIVE;
				CLANG_WARN_UNREACHABLE_CODE = YES;
				CLANG_WARN__DUPLICATE_METHOD_MATCH = YES;
				COPY_PHASE_STRIP = NO;
				DEBUG_INFORMATION_FORMAT = "dwarf-with-dsym";
				ENABLE_NS_ASSERTIONS = NO;
				ENABLE_STRICT_OBJC_MSGSEND = YES;
				GCC_C_LANGUAGE_STANDARD = gnu11;
				GCC_NO_COMMON_BLOCKS = YES;
				GCC_WARN_64_TO_32_BIT_CONVERSION = YES;
				GCC_WARN_ABOUT_RETURN_TYPE = YES_ERROR;
				GCC_WARN_UNDECLARED_SELECTOR = YES;
				GCC_WARN_UNINITIALIZED_AUTOS = YES_AGGRESSIVE;
				GCC_WARN_UNUSED_FUNCTION = YES;
				GCC_WARN_UNUSED_VARIABLE = YES;
				IPHONEOS_DEPLOYMENT_TARGET = 14.5;
				MTL_ENABLE_DEBUG_INFO = NO;
				MTL_FAST_MATH = YES;
				SDKROOT = iphoneos;
				SWIFT_COMPILATION_MODE = wholemodule;
				SWIFT_OPTIMIZATION_LEVEL = "-O";
				VALIDATE_PRODUCT = YES;
			};
			name = Release;
		};
		2B4144B626FB88A20049A84D /* Debug */ = {
			isa = XCBuildConfiguration;
			buildSettings = {
				ASSETCATALOG_COMPILER_APPICON_NAME = AppIcon;
				ASSETCATALOG_COMPILER_GLOBAL_ACCENT_COLOR_NAME = AccentColor;
				CODE_SIGN_STYLE = Automatic;
				INFOPLIST_FILE = applepieproject/Info.plist;
				LD_RUNPATH_SEARCH_PATHS = (
					"$(inherited)",
					"@executable_path/Frameworks",
				);
				PRODUCT_BUNDLE_IDENTIFIER = com.reeceolsen.applepieproject;
				PRODUCT_NAME = "$(TARGET_NAME)";
				SWIFT_VERSION = 5.0;
				TARGETED_DEVICE_FAMILY = 2;
			};
			name = Debug;
		};
		2B4144B726FB88A20049A84D /* Release */ = {
			isa = XCBuildConfiguration;
			buildSettings = {
				ASSETCATALOG_COMPILER_APPICON_NAME = AppIcon;
				ASSETCATALOG_COMPILER_GLOBAL_ACCENT_COLOR_NAME = AccentColor;
				CODE_SIGN_STYLE = Automatic;
				INFOPLIST_FILE = applepieproject/Info.plist;
				LD_RUNPATH_SEARCH_PATHS = (
					"$(inherited)",
					"@executable_path/Frameworks",
				);
				PRODUCT_BUNDLE_IDENTIFIER = com.reeceolsen.applepieproject;
				PRODUCT_NAME = "$(TARGET_NAME)";
				SWIFT_VERSION = 5.0;
				TARGETED_DEVICE_FAMILY = 2;
			};
			name = Release;
		};
		2B4144B926FB88A20049A84D /* Debug */ = {
			isa = XCBuildConfiguration;
			buildSettings = {
				ALWAYS_EMBED_SWIFT_STANDARD_LIBRARIES = YES;
				BUNDLE_LOADER = "$(TEST_HOST)";
				CODE_SIGN_STYLE = Automatic;
				INFOPLIST_FILE = applepieprojectTests/Info.plist;
				IPHONEOS_DEPLOYMENT_TARGET = 14.5;
				LD_RUNPATH_SEARCH_PATHS = (
					"$(inherited)",
					"@executable_path/Frameworks",
					"@loader_path/Frameworks",
				);
				PRODUCT_BUNDLE_IDENTIFIER = com.reeceolsen.applepieprojectTests;
				PRODUCT_NAME = "$(TARGET_NAME)";
				SWIFT_VERSION = 5.0;
				TARGETED_DEVICE_FAMILY = "1,2";
				TEST_HOST = "$(BUILT_PRODUCTS_DIR)/applepieproject.app/applepieproject";
			};
			name = Debug;
		};
		2B4144BA26FB88A20049A84D /* Release */ = {
			isa = XCBuildConfiguration;
			buildSettings = {
				ALWAYS_EMBED_SWIFT_STANDARD_LIBRARIES = YES;
				BUNDLE_LOADER = "$(TEST_HOST)";
				CODE_SIGN_STYLE = Automatic;
				INFOPLIST_FILE = applepieprojectTests/Info.plist;
				IPHONEOS_DEPLOYMENT_TARGET = 14.5;
				LD_RUNPATH_SEARCH_PATHS = (
					"$(inherited)",
					"@executable_path/Frameworks",
					"@loader_path/Frameworks",
				);
				PRODUCT_BUNDLE_IDENTIFIER = com.reeceolsen.applepieprojectTests;
				PRODUCT_NAME = "$(TARGET_NAME)";
				SWIFT_VERSION = 5.0;
				TARGETED_DEVICE_FAMILY = "1,2";
				TEST_HOST = "$(BUILT_PRODUCTS_DIR)/applepieproject.app/applepieproject";
			};
			name = Release;
		};
		2B4144BC26FB88A20049A84D /* Debug */ = {
			isa = XCBuildConfiguration;
			buildSettings = {
				ALWAYS_EMBED_SWIFT_STANDARD_LIBRARIES = YES;
				CODE_SIGN_STYLE = Automatic;
				INFOPLIST_FILE = applepieprojectUITests/Info.plist;
				LD_RUNPATH_SEARCH_PATHS = (
					"$(inherited)",
					"@executable_path/Frameworks",
					"@loader_path/Frameworks",
				);
				PRODUCT_BUNDLE_IDENTIFIER = com.reeceolsen.applepieprojectUITests;
				PRODUCT_NAME = "$(TARGET_NAME)";
				SWIFT_VERSION = 5.0;
				TARGETED_DEVICE_FAMILY = "1,2";
				TEST_TARGET_NAME = applepieproject;
			};
			name = Debug;
		};
		2B4144BD26FB88A20049A84D /* Release */ = {
			isa = XCBuildConfiguration;
			buildSettings = {
				ALWAYS_EMBED_SWIFT_STANDARD_LIBRARIES = YES;
				CODE_SIGN_STYLE = Automatic;
				INFOPLIST_FILE = applepieprojectUITests/Info.plist;
				LD_RUNPATH_SEARCH_PATHS = (
					"$(inherited)",
					"@executable_path/Frameworks",
					"@loader_path/Frameworks",
				);
				PRODUCT_BUNDLE_IDENTIFIER = com.reeceolsen.applepieprojectUITests;
				PRODUCT_NAME = "$(TARGET_NAME)";
				SWIFT_VERSION = 5.0;
				TARGETED_DEVICE_FAMILY = "1,2";
				TEST_TARGET_NAME = applepieproject;
			};
			name = Release;
		};
/* End XCBuildConfiguration section */

/* Begin XCConfigurationList section */
		2B41448626FB88A10049A84D /* Build configuration list for PBXProject "applepieproject" */ = {
			isa = XCConfigurationList;
			buildConfigurations = (
				2B4144B326FB88A20049A84D /* Debug */,
				2B4144B426FB88A20049A84D /* Release */,
			);
			defaultConfigurationIsVisible = 0;
			defaultConfigurationName = Release;
		};
		2B4144B526FB88A20049A84D /* Build configuration list for PBXNativeTarget "applepieproject" */ = {
			isa = XCConfigurationList;
			buildConfigurations = (
				2B4144B626FB88A20049A84D /* Debug */,
				2B4144B726FB88A20049A84D /* Release */,
			);
			defaultConfigurationIsVisible = 0;
			defaultConfigurationName = Release;
		};
		2B4144B826FB88A20049A84D /* Build configuration list for PBXNativeTarget "applepieprojectTests" */ = {
			isa = XCConfigurationList;
			buildConfigurations = (
				2B4144B926FB88A20049A84D /* Debug */,
				2B4144BA26FB88A20049A84D /* Release */,
			);
			defaultConfigurationIsVisible = 0;
			defaultConfigurationName = Release;
		};
		2B4144BB26FB88A20049A84D /* Build configuration list for PBXNativeTarget "applepieprojectUITests" */ = {
			isa = XCConfigurationList;
			buildConfigurations = (
				2B4144BC26FB88A20049A84D /* Debug */,
				2B4144BD26FB88A20049A84D /* Release */,
			);
			defaultConfigurationIsVisible = 0;
			defaultConfigurationName = Release;
		};
/* End XCConfigurationList section */
	};
	rootObject = 2B41448326FB88A10049A84D /* Project object */;
}
