// !$*UTF8*$!
{
	archiveVersion = 1;
	classes = {
	};
	objectVersion = 50;
	objects = {

/* Begin PBXBuildFile section */
		2BEE575D270204F60092EC03 /* AppDelegate.swift in Sources */ = {isa = PBXBuildFile; fileRef = 2BEE575C270204F60092EC03 /* AppDelegate.swift */; };
		2BEE575F270204F60092EC03 /* SceneDelegate.swift in Sources */ = {isa = PBXBuildFile; fileRef = 2BEE575E270204F60092EC03 /* SceneDelegate.swift */; };
		2BEE5761270204F60092EC03 /* ViewController.swift in Sources */ = {isa = PBXBuildFile; fileRef = 2BEE5760270204F60092EC03 /* ViewController.swift */; };
		2BEE5764270204F60092EC03 /* Main.storyboard in Resources */ = {isa = PBXBuildFile; fileRef = 2BEE5762270204F60092EC03 /* Main.storyboard */; };
		2BEE5766270204F70092EC03 /* Assets.xcassets in Resources */ = {isa = PBXBuildFile; fileRef = 2BEE5765270204F70092EC03 /* Assets.xcassets */; };
		2BEE5769270204F70092EC03 /* LaunchScreen.storyboard in Resources */ = {isa = PBXBuildFile; fileRef = 2BEE5767270204F70092EC03 /* LaunchScreen.storyboard */; };
		2BEE5774270204F70092EC03 /* september27Tests.swift in Sources */ = {isa = PBXBuildFile; fileRef = 2BEE5773270204F70092EC03 /* september27Tests.swift */; };
		2BEE577F270204F70092EC03 /* september27UITests.swift in Sources */ = {isa = PBXBuildFile; fileRef = 2BEE577E270204F70092EC03 /* september27UITests.swift */; };
/* End PBXBuildFile section */

/* Begin PBXContainerItemProxy section */
		2BEE5770270204F70092EC03 /* PBXContainerItemProxy */ = {
			isa = PBXContainerItemProxy;
			containerPortal = 2BEE5751270204F60092EC03 /* Project object */;
			proxyType = 1;
			remoteGlobalIDString = 2BEE5758270204F60092EC03;
			remoteInfo = september27;
		};
		2BEE577B270204F70092EC03 /* PBXContainerItemProxy */ = {
			isa = PBXContainerItemProxy;
			containerPortal = 2BEE5751270204F60092EC03 /* Project object */;
			proxyType = 1;
			remoteGlobalIDString = 2BEE5758270204F60092EC03;
			remoteInfo = september27;
		};
/* End PBXContainerItemProxy section */

/* Begin PBXFileReference section */
		2BEE5759270204F60092EC03 /* september27.app */ = {isa = PBXFileReference; explicitFileType = wrapper.application; includeInIndex = 0; path = september27.app; sourceTree = BUILT_PRODUCTS_DIR; };
		2BEE575C270204F60092EC03 /* AppDelegate.swift */ = {isa = PBXFileReference; lastKnownFileType = sourcecode.swift; path = AppDelegate.swift; sourceTree = "<group>"; };
		2BEE575E270204F60092EC03 /* SceneDelegate.swift */ = {isa = PBXFileReference; lastKnownFileType = sourcecode.swift; path = SceneDelegate.swift; sourceTree = "<group>"; };
		2BEE5760270204F60092EC03 /* ViewController.swift */ = {isa = PBXFileReference; lastKnownFileType = sourcecode.swift; path = ViewController.swift; sourceTree = "<group>"; };
		2BEE5763270204F60092EC03 /* Base */ = {isa = PBXFileReference; lastKnownFileType = file.storyboard; name = Base; path = Base.lproj/Main.storyboard; sourceTree = "<group>"; };
		2BEE5765270204F70092EC03 /* Assets.xcassets */ = {isa = PBXFileReference; lastKnownFileType = folder.assetcatalog; path = Assets.xcassets; sourceTree = "<group>"; };
		2BEE5768270204F70092EC03 /* Base */ = {isa = PBXFileReference; lastKnownFileType = file.storyboard; name = Base; path = Base.lproj/LaunchScreen.storyboard; sourceTree = "<group>"; };
		2BEE576A270204F70092EC03 /* Info.plist */ = {isa = PBXFileReference; lastKnownFileType = text.plist.xml; path = Info.plist; sourceTree = "<group>"; };
		2BEE576F270204F70092EC03 /* september27Tests.xctest */ = {isa = PBXFileReference; explicitFileType = wrapper.cfbundle; includeInIndex = 0; path = september27Tests.xctest; sourceTree = BUILT_PRODUCTS_DIR; };
		2BEE5773270204F70092EC03 /* september27Tests.swift */ = {isa = PBXFileReference; lastKnownFileType = sourcecode.swift; path = september27Tests.swift; sourceTree = "<group>"; };
		2BEE5775270204F70092EC03 /* Info.plist */ = {isa = PBXFileReference; lastKnownFileType = text.plist.xml; path = Info.plist; sourceTree = "<group>"; };
		2BEE577A270204F70092EC03 /* september27UITests.xctest */ = {isa = PBXFileReference; explicitFileType = wrapper.cfbundle; includeInIndex = 0; path = september27UITests.xctest; sourceTree = BUILT_PRODUCTS_DIR; };
		2BEE577E270204F70092EC03 /* september27UITests.swift */ = {isa = PBXFileReference; lastKnownFileType = sourcecode.swift; path = september27UITests.swift; sourceTree = "<group>"; };
		2BEE5780270204F70092EC03 /* Info.plist */ = {isa = PBXFileReference; lastKnownFileType = text.plist.xml; path = Info.plist; sourceTree = "<group>"; };
/* End PBXFileReference section */

/* Begin PBXFrameworksBuildPhase section */
		2BEE5756270204F60092EC03 /* Frameworks */ = {
			isa = PBXFrameworksBuildPhase;
			buildActionMask = 2147483647;
			files = (
			);
			runOnlyForDeploymentPostprocessing = 0;
		};
		2BEE576C270204F70092EC03 /* Frameworks */ = {
			isa = PBXFrameworksBuildPhase;
			buildActionMask = 2147483647;
			files = (
			);
			runOnlyForDeploymentPostprocessing = 0;
		};
		2BEE5777270204F70092EC03 /* Frameworks */ = {
			isa = PBXFrameworksBuildPhase;
			buildActionMask = 2147483647;
			files = (
			);
			runOnlyForDeploymentPostprocessing = 0;
		};
/* End PBXFrameworksBuildPhase section */

/* Begin PBXGroup section */
		2BEE5750270204F60092EC03 = {
			isa = PBXGroup;
			children = (
				2BEE575B270204F60092EC03 /* september27 */,
				2BEE5772270204F70092EC03 /* september27Tests */,
				2BEE577D270204F70092EC03 /* september27UITests */,
				2BEE575A270204F60092EC03 /* Products */,
			);
			sourceTree = "<group>";
		};
		2BEE575A270204F60092EC03 /* Products */ = {
			isa = PBXGroup;
			children = (
				2BEE5759270204F60092EC03 /* september27.app */,
				2BEE576F270204F70092EC03 /* september27Tests.xctest */,
				2BEE577A270204F70092EC03 /* september27UITests.xctest */,
			);
			name = Products;
			sourceTree = "<group>";
		};
		2BEE575B270204F60092EC03 /* september27 */ = {
			isa = PBXGroup;
			children = (
				2BEE575C270204F60092EC03 /* AppDelegate.swift */,
				2BEE575E270204F60092EC03 /* SceneDelegate.swift */,
				2BEE5760270204F60092EC03 /* ViewController.swift */,
				2BEE5762270204F60092EC03 /* Main.storyboard */,
				2BEE5765270204F70092EC03 /* Assets.xcassets */,
				2BEE5767270204F70092EC03 /* LaunchScreen.storyboard */,
				2BEE576A270204F70092EC03 /* Info.plist */,
			);
			path = september27;
			sourceTree = "<group>";
		};
		2BEE5772270204F70092EC03 /* september27Tests */ = {
			isa = PBXGroup;
			children = (
				2BEE5773270204F70092EC03 /* september27Tests.swift */,
				2BEE5775270204F70092EC03 /* Info.plist */,
			);
			path = september27Tests;
			sourceTree = "<group>";
		};
		2BEE577D270204F70092EC03 /* september27UITests */ = {
			isa = PBXGroup;
			children = (
				2BEE577E270204F70092EC03 /* september27UITests.swift */,
				2BEE5780270204F70092EC03 /* Info.plist */,
			);
			path = september27UITests;
			sourceTree = "<group>";
		};
/* End PBXGroup section */

/* Begin PBXNativeTarget section */
		2BEE5758270204F60092EC03 /* september27 */ = {
			isa = PBXNativeTarget;
			buildConfigurationList = 2BEE5783270204F70092EC03 /* Build configuration list for PBXNativeTarget "september27" */;
			buildPhases = (
				2BEE5755270204F60092EC03 /* Sources */,
				2BEE5756270204F60092EC03 /* Frameworks */,
				2BEE5757270204F60092EC03 /* Resources */,
			);
			buildRules = (
			);
			dependencies = (
			);
			name = september27;
			productName = september27;
			productReference = 2BEE5759270204F60092EC03 /* september27.app */;
			productType = "com.apple.product-type.application";
		};
		2BEE576E270204F70092EC03 /* september27Tests */ = {
			isa = PBXNativeTarget;
			buildConfigurationList = 2BEE5786270204F70092EC03 /* Build configuration list for PBXNativeTarget "september27Tests" */;
			buildPhases = (
				2BEE576B270204F70092EC03 /* Sources */,
				2BEE576C270204F70092EC03 /* Frameworks */,
				2BEE576D270204F70092EC03 /* Resources */,
			);
			buildRules = (
			);
			dependencies = (
				2BEE5771270204F70092EC03 /* PBXTargetDependency */,
			);
			name = september27Tests;
			productName = september27Tests;
			productReference = 2BEE576F270204F70092EC03 /* september27Tests.xctest */;
			productType = "com.apple.product-type.bundle.unit-test";
		};
		2BEE5779270204F70092EC03 /* september27UITests */ = {
			isa = PBXNativeTarget;
			buildConfigurationList = 2BEE5789270204F70092EC03 /* Build configuration list for PBXNativeTarget "september27UITests" */;
			buildPhases = (
				2BEE5776270204F70092EC03 /* Sources */,
				2BEE5777270204F70092EC03 /* Frameworks */,
				2BEE5778270204F70092EC03 /* Resources */,
			);
			buildRules = (
			);
			dependencies = (
				2BEE577C270204F70092EC03 /* PBXTargetDependency */,
			);
			name = september27UITests;
			productName = september27UITests;
			productReference = 2BEE577A270204F70092EC03 /* september27UITests.xctest */;
			productType = "com.apple.product-type.bundle.ui-testing";
		};
/* End PBXNativeTarget section */

/* Begin PBXProject section */
		2BEE5751270204F60092EC03 /* Project object */ = {
			isa = PBXProject;
			attributes = {
				LastSwiftUpdateCheck = 1250;
				LastUpgradeCheck = 1250;
				TargetAttributes = {
					2BEE5758270204F60092EC03 = {
						CreatedOnToolsVersion = 12.5.1;
					};
					2BEE576E270204F70092EC03 = {
						CreatedOnToolsVersion = 12.5.1;
						TestTargetID = 2BEE5758270204F60092EC03;
					};
					2BEE5779270204F70092EC03 = {
						CreatedOnToolsVersion = 12.5.1;
						TestTargetID = 2BEE5758270204F60092EC03;
					};
				};
			};
			buildConfigurationList = 2BEE5754270204F60092EC03 /* Build configuration list for PBXProject "september27" */;
			compatibilityVersion = "Xcode 9.3";
			developmentRegion = en;
			hasScannedForEncodings = 0;
			knownRegions = (
				en,
				Base,
			);
			mainGroup = 2BEE5750270204F60092EC03;
			productRefGroup = 2BEE575A270204F60092EC03 /* Products */;
			projectDirPath = "";
			projectRoot = "";
			targets = (
				2BEE5758270204F60092EC03 /* september27 */,
				2BEE576E270204F70092EC03 /* september27Tests */,
				2BEE5779270204F70092EC03 /* september27UITests */,
			);
		};
/* End PBXProject section */

/* Begin PBXResourcesBuildPhase section */
		2BEE5757270204F60092EC03 /* Resources */ = {
			isa = PBXResourcesBuildPhase;
			buildActionMask = 2147483647;
			files = (
				2BEE5769270204F70092EC03 /* LaunchScreen.storyboard in Resources */,
				2BEE5766270204F70092EC03 /* Assets.xcassets in Resources */,
				2BEE5764270204F60092EC03 /* Main.storyboard in Resources */,
			);
			runOnlyForDeploymentPostprocessing = 0;
		};
		2BEE576D270204F70092EC03 /* Resources */ = {
			isa = PBXResourcesBuildPhase;
			buildActionMask = 2147483647;
			files = (
			);
			runOnlyForDeploymentPostprocessing = 0;
		};
		2BEE5778270204F70092EC03 /* Resources */ = {
			isa = PBXResourcesBuildPhase;
			buildActionMask = 2147483647;
			files = (
			);
			runOnlyForDeploymentPostprocessing = 0;
		};
/* End PBXResourcesBuildPhase section */

/* Begin PBXSourcesBuildPhase section */
		2BEE5755270204F60092EC03 /* Sources */ = {
			isa = PBXSourcesBuildPhase;
			buildActionMask = 2147483647;
			files = (
				2BEE5761270204F60092EC03 /* ViewController.swift in Sources */,
				2BEE575D270204F60092EC03 /* AppDelegate.swift in Sources */,
				2BEE575F270204F60092EC03 /* SceneDelegate.swift in Sources */,
			);
			runOnlyForDeploymentPostprocessing = 0;
		};
		2BEE576B270204F70092EC03 /* Sources */ = {
			isa = PBXSourcesBuildPhase;
			buildActionMask = 2147483647;
			files = (
				2BEE5774270204F70092EC03 /* september27Tests.swift in Sources */,
			);
			runOnlyForDeploymentPostprocessing = 0;
		};
		2BEE5776270204F70092EC03 /* Sources */ = {
			isa = PBXSourcesBuildPhase;
			buildActionMask = 2147483647;
			files = (
				2BEE577F270204F70092EC03 /* september27UITests.swift in Sources */,
			);
			runOnlyForDeploymentPostprocessing = 0;
		};
/* End PBXSourcesBuildPhase section */

/* Begin PBXTargetDependency section */
		2BEE5771270204F70092EC03 /* PBXTargetDependency */ = {
			isa = PBXTargetDependency;
			target = 2BEE5758270204F60092EC03 /* september27 */;
			targetProxy = 2BEE5770270204F70092EC03 /* PBXContainerItemProxy */;
		};
		2BEE577C270204F70092EC03 /* PBXTargetDependency */ = {
			isa = PBXTargetDependency;
			target = 2BEE5758270204F60092EC03 /* september27 */;
			targetProxy = 2BEE577B270204F70092EC03 /* PBXContainerItemProxy */;
		};
/* End PBXTargetDependency section */

/* Begin PBXVariantGroup section */
		2BEE5762270204F60092EC03 /* Main.storyboard */ = {
			isa = PBXVariantGroup;
			children = (
				2BEE5763270204F60092EC03 /* Base */,
			);
			name = Main.storyboard;
			sourceTree = "<group>";
		};
		2BEE5767270204F70092EC03 /* LaunchScreen.storyboard */ = {
			isa = PBXVariantGroup;
			children = (
				2BEE5768270204F70092EC03 /* Base */,
			);
			name = LaunchScreen.storyboard;
			sourceTree = "<group>";
		};
/* End PBXVariantGroup section */

/* Begin XCBuildConfiguration section */
		2BEE5781270204F70092EC03 /* Debug */ = {
			isa = XCBuildConfiguration;
			buildSettings = {
				ALWAYS_SEARCH_USER_PATHS = NO;
				CLANG_ANALYZER_NONNULL = YES;
				CLANG_ANALYZER_NUMBER_OBJECT_CONVERSION = YES_AGGRESSIVE;
				CLANG_CXX_LANGUAGE_STANDARD = "gnu++14";
				CLANG_CXX_LIBRARY = "libc++";
				CLANG_ENABLE_MODULES = YES;
				CLANG_ENABLE_OBJC_ARC = YES;
				CLANG_ENABLE_OBJC_WEAK = YES;
				CLANG_WARN_BLOCK_CAPTURE_AUTORELEASING = YES;
				CLANG_WARN_BOOL_CONVERSION = YES;
				CLANG_WARN_COMMA = YES;
				CLANG_WARN_CONSTANT_CONVERSION = YES;
				CLANG_WARN_DEPRECATED_OBJC_IMPLEMENTATIONS = YES;
				CLANG_WARN_DIRECT_OBJC_ISA_USAGE = YES_ERROR;
				CLANG_WARN_DOCUMENTATION_COMMENTS = YES;
				CLANG_WARN_EMPTY_BODY = YES;
				CLANG_WARN_ENUM_CONVERSION = YES;
				CLANG_WARN_INFINITE_RECURSION = YES;
				CLANG_WARN_INT_CONVERSION = YES;
				CLANG_WARN_NON_LITERAL_NULL_CONVERSION = YES;
				CLANG_WARN_OBJC_IMPLICIT_RETAIN_SELF = YES;
				CLANG_WARN_OBJC_LITERAL_CONVERSION = YES;
				CLANG_WARN_OBJC_ROOT_CLASS = YES_ERROR;
				CLANG_WARN_QUOTED_INCLUDE_IN_FRAMEWORK_HEADER = YES;
				CLANG_WARN_RANGE_LOOP_ANALYSIS = YES;
				CLANG_WARN_STRICT_PROTOTYPES = YES;
				CLANG_WARN_SUSPICIOUS_MOVE = YES;
				CLANG_WARN_UNGUARDED_AVAILABILITY = YES_AGGRESSIVE;
				CLANG_WARN_UNREACHABLE_CODE = YES;
				CLANG_WARN__DUPLICATE_METHOD_MATCH = YES;
				COPY_PHASE_STRIP = NO;
				DEBUG_INFORMATION_FORMAT = dwarf;
				ENABLE_STRICT_OBJC_MSGSEND = YES;
				ENABLE_TESTABILITY = YES;
				GCC_C_LANGUAGE_STANDARD = gnu11;
				GCC_DYNAMIC_NO_PIC = NO;
				GCC_NO_COMMON_BLOCKS = YES;
				GCC_OPTIMIZATION_LEVEL = 0;
				GCC_PREPROCESSOR_DEFINITIONS = (
					"DEBUG=1",
					"$(inherited)",
				);
				GCC_WARN_64_TO_32_BIT_CONVERSION = YES;
				GCC_WARN_ABOUT_RETURN_TYPE = YES_ERROR;
				GCC_WARN_UNDECLARED_SELECTOR = YES;
				GCC_WARN_UNINITIALIZED_AUTOS = YES_AGGRESSIVE;
				GCC_WARN_UNUSED_FUNCTION = YES;
				GCC_WARN_UNUSED_VARIABLE = YES;
				IPHONEOS_DEPLOYMENT_TARGET = 14.5;
				MTL_ENABLE_DEBUG_INFO = INCLUDE_SOURCE;
				MTL_FAST_MATH = YES;
				ONLY_ACTIVE_ARCH = YES;
				SDKROOT = iphoneos;
				SWIFT_ACTIVE_COMPILATION_CONDITIONS = DEBUG;
				SWIFT_OPTIMIZATION_LEVEL = "-Onone";
			};
			name = Debug;
		};
		2BEE5782270204F70092EC03 /* Release */ = {
			isa = XCBuildConfiguration;
			buildSettings = {
				ALWAYS_SEARCH_USER_PATHS = NO;
				CLANG_ANALYZER_NONNULL = YES;
				CLANG_ANALYZER_NUMBER_OBJECT_CONVERSION = YES_AGGRESSIVE;
				CLANG_CXX_LANGUAGE_STANDARD = "gnu++14";
				CLANG_CXX_LIBRARY = "libc++";
				CLANG_ENABLE_MODULES = YES;
				CLANG_ENABLE_OBJC_ARC = YES;
				CLANG_ENABLE_OBJC_WEAK = YES;
				CLANG_WARN_BLOCK_CAPTURE_AUTORELEASING = YES;
				CLANG_WARN_BOOL_CONVERSION = YES;
				CLANG_WARN_COMMA = YES;
				CLANG_WARN_CONSTANT_CONVERSION = YES;
				CLANG_WARN_DEPRECATED_OBJC_IMPLEMENTATIONS = YES;
				CLANG_WARN_DIRECT_OBJC_ISA_USAGE = YES_ERROR;
				CLANG_WARN_DOCUMENTATION_COMMENTS = YES;
				CLANG_WARN_EMPTY_BODY = YES;
				CLANG_WARN_ENUM_CONVERSION = YES;
				CLANG_WARN_INFINITE_RECURSION = YES;
				CLANG_WARN_INT_CONVERSION = YES;
				CLANG_WARN_NON_LITERAL_NULL_CONVERSION = YES;
				CLANG_WARN_OBJC_IMPLICIT_RETAIN_SELF = YES;
				CLANG_WARN_OBJC_LITERAL_CONVERSION = YES;
				CLANG_WARN_OBJC_ROOT_CLASS = YES_ERROR;
				CLANG_WARN_QUOTED_INCLUDE_IN_FRAMEWORK_HEADER = YES;
				CLANG_WARN_RANGE_LOOP_ANALYSIS = YES;
				CLANG_WARN_STRICT_PROTOTYPES = YES;
				CLANG_WARN_SUSPICIOUS_MOVE = YES;
				CLANG_WARN_UNGUARDED_AVAILABILITY = YES_AGGRESSIVE;
				CLANG_WARN_UNREACHABLE_CODE = YES;
				CLANG_WARN__DUPLICATE_METHOD_MATCH = YES;
				COPY_PHASE_STRIP = NO;
				DEBUG_INFORMATION_FORMAT = "dwarf-with-dsym";
				ENABLE_NS_ASSERTIONS = NO;
				ENABLE_STRICT_OBJC_MSGSEND = YES;
				GCC_C_LANGUAGE_STANDARD = gnu11;
				GCC_NO_COMMON_BLOCKS = YES;
				GCC_WARN_64_TO_32_BIT_CONVERSION = YES;
				GCC_WARN_ABOUT_RETURN_TYPE = YES_ERROR;
				GCC_WARN_UNDECLARED_SELECTOR = YES;
				GCC_WARN_UNINITIALIZED_AUTOS = YES_AGGRESSIVE;
				GCC_WARN_UNUSED_FUNCTION = YES;
				GCC_WARN_UNUSED_VARIABLE = YES;
				IPHONEOS_DEPLOYMENT_TARGET = 14.5;
				MTL_ENABLE_DEBUG_INFO = NO;
				MTL_FAST_MATH = YES;
				SDKROOT = iphoneos;
				SWIFT_COMPILATION_MODE = wholemodule;
				SWIFT_OPTIMIZATION_LEVEL = "-O";
				VALIDATE_PRODUCT = YES;
			};
			name = Release;
		};
		2BEE5784270204F70092EC03 /* Debug */ = {
			isa = XCBuildConfiguration;
			buildSettings = {
				ASSETCATALOG_COMPILER_APPICON_NAME = AppIcon;
				ASSETCATALOG_COMPILER_GLOBAL_ACCENT_COLOR_NAME = AccentColor;
				CODE_SIGN_STYLE = Automatic;
				INFOPLIST_FILE = september27/Info.plist;
				LD_RUNPATH_SEARCH_PATHS = (
					"$(inherited)",
					"@executable_path/Frameworks",
				);
				PRODUCT_BUNDLE_IDENTIFIER = com.reeceolsen.september27;
				PRODUCT_NAME = "$(TARGET_NAME)";
				SWIFT_VERSION = 5.0;
				TARGETED_DEVICE_FAMILY = "1,2";
			};
			name = Debug;
		};
		2BEE5785270204F70092EC03 /* Release */ = {
			isa = XCBuildConfiguration;
			buildSettings = {
				ASSETCATALOG_COMPILER_APPICON_NAME = AppIcon;
				ASSETCATALOG_COMPILER_GLOBAL_ACCENT_COLOR_NAME = AccentColor;
				CODE_SIGN_STYLE = Automatic;
				INFOPLIST_FILE = september27/Info.plist;
				LD_RUNPATH_SEARCH_PATHS = (
					"$(inherited)",
					"@executable_path/Frameworks",
				);
				PRODUCT_BUNDLE_IDENTIFIER = com.reeceolsen.september27;
				PRODUCT_NAME = "$(TARGET_NAME)";
				SWIFT_VERSION = 5.0;
				TARGETED_DEVICE_FAMILY = "1,2";
			};
			name = Release;
		};
		2BEE5787270204F70092EC03 /* Debug */ = {
			isa = XCBuildConfiguration;
			buildSettings = {
				ALWAYS_EMBED_SWIFT_STANDARD_LIBRARIES = YES;
				BUNDLE_LOADER = "$(TEST_HOST)";
				CODE_SIGN_STYLE = Automatic;
				INFOPLIST_FILE = september27Tests/Info.plist;
				IPHONEOS_DEPLOYMENT_TARGET = 14.5;
				LD_RUNPATH_SEARCH_PATHS = (
					"$(inherited)",
					"@executable_path/Frameworks",
					"@loader_path/Frameworks",
				);
				PRODUCT_BUNDLE_IDENTIFIER = com.reeceolsen.september27Tests;
				PRODUCT_NAME = "$(TARGET_NAME)";
				SWIFT_VERSION = 5.0;
				TARGETED_DEVICE_FAMILY = "1,2";
				TEST_HOST = "$(BUILT_PRODUCTS_DIR)/september27.app/september27";
			};
			name = Debug;
		};
		2BEE5788270204F70092EC03 /* Release */ = {
			isa = XCBuildConfiguration;
			buildSettings = {
				ALWAYS_EMBED_SWIFT_STANDARD_LIBRARIES = YES;
				BUNDLE_LOADER = "$(TEST_HOST)";
				CODE_SIGN_STYLE = Automatic;
				INFOPLIST_FILE = september27Tests/Info.plist;
				IPHONEOS_DEPLOYMENT_TARGET = 14.5;
				LD_RUNPATH_SEARCH_PATHS = (
					"$(inherited)",
					"@executable_path/Frameworks",
					"@loader_path/Frameworks",
				);
				PRODUCT_BUNDLE_IDENTIFIER = com.reeceolsen.september27Tests;
				PRODUCT_NAME = "$(TARGET_NAME)";
				SWIFT_VERSION = 5.0;
				TARGETED_DEVICE_FAMILY = "1,2";
				TEST_HOST = "$(BUILT_PRODUCTS_DIR)/september27.app/september27";
			};
			name = Release;
		};
		2BEE578A270204F70092EC03 /* Debug */ = {
			isa = XCBuildConfiguration;
			buildSettings = {
				ALWAYS_EMBED_SWIFT_STANDARD_LIBRARIES = YES;
				CODE_SIGN_STYLE = Automatic;
				INFOPLIST_FILE = september27UITests/Info.plist;
				LD_RUNPATH_SEARCH_PATHS = (
					"$(inherited)",
					"@executable_path/Frameworks",
					"@loader_path/Frameworks",
				);
				PRODUCT_BUNDLE_IDENTIFIER = com.reeceolsen.september27UITests;
				PRODUCT_NAME = "$(TARGET_NAME)";
				SWIFT_VERSION = 5.0;
				TARGETED_DEVICE_FAMILY = "1,2";
				TEST_TARGET_NAME = september27;
			};
			name = Debug;
		};
		2BEE578B270204F70092EC03 /* Release */ = {
			isa = XCBuildConfiguration;
			buildSettings = {
				ALWAYS_EMBED_SWIFT_STANDARD_LIBRARIES = YES;
				CODE_SIGN_STYLE = Automatic;
				INFOPLIST_FILE = september27UITests/Info.plist;
				LD_RUNPATH_SEARCH_PATHS = (
					"$(inherited)",
					"@executable_path/Frameworks",
					"@loader_path/Frameworks",
				);
				PRODUCT_BUNDLE_IDENTIFIER = com.reeceolsen.september27UITests;
				PRODUCT_NAME = "$(TARGET_NAME)";
				SWIFT_VERSION = 5.0;
				TARGETED_DEVICE_FAMILY = "1,2";
				TEST_TARGET_NAME = september27;
			};
			name = Release;
		};
/* End XCBuildConfiguration section */

/* Begin XCConfigurationList section */
		2BEE5754270204F60092EC03 /* Build configuration list for PBXProject "september27" */ = {
			isa = XCConfigurationList;
			buildConfigurations = (
				2BEE5781270204F70092EC03 /* Debug */,
				2BEE5782270204F70092EC03 /* Release */,
			);
			defaultConfigurationIsVisible = 0;
			defaultConfigurationName = Release;
		};
		2BEE5783270204F70092EC03 /* Build configuration list for PBXNativeTarget "september27" */ = {
			isa = XCConfigurationList;
			buildConfigurations = (
				2BEE5784270204F70092EC03 /* Debug */,
				2BEE5785270204F70092EC03 /* Release */,
			);
			defaultConfigurationIsVisible = 0;
			defaultConfigurationName = Release;
		};
		2BEE5786270204F70092EC03 /* Build configuration list for PBXNativeTarget "september27Tests" */ = {
			isa = XCConfigurationList;
			buildConfigurations = (
				2BEE5787270204F70092EC03 /* Debug */,
				2BEE5788270204F70092EC03 /* Release */,
			);
			defaultConfigurationIsVisible = 0;
			defaultConfigurationName = Release;
		};
		2BEE5789270204F70092EC03 /* Build configuration list for PBXNativeTarget "september27UITests" */ = {
			isa = XCConfigurationList;
			buildConfigurations = (
				2BEE578A270204F70092EC03 /* Debug */,
				2BEE578B270204F70092EC03 /* Release */,
			);
			defaultConfigurationIsVisible = 0;
			defaultConfigurationName = Release;
		};
/* End XCConfigurationList section */
	};
	rootObject = 2BEE5751270204F60092EC03 /* Project object */;
}
