// !$*UTF8*$!
{
	archiveVersion = 1;
	classes = {
	};
	objectVersion = 50;
	objects = {

/* Begin PBXBuildFile section */
		2B69B5F426EA5303003DA570 /* AppDelegate.swift in Sources */ = {isa = PBXBuildFile; fileRef = 2B69B5F326EA5303003DA570 /* AppDelegate.swift */; };
		2B69B5F626EA5303003DA570 /* SceneDelegate.swift in Sources */ = {isa = PBXBuildFile; fileRef = 2B69B5F526EA5303003DA570 /* SceneDelegate.swift */; };
		2B69B5F826EA5303003DA570 /* ViewController.swift in Sources */ = {isa = PBXBuildFile; fileRef = 2B69B5F726EA5303003DA570 /* ViewController.swift */; };
		2B69B5FB26EA5303003DA570 /* Main.storyboard in Resources */ = {isa = PBXBuildFile; fileRef = 2B69B5F926EA5303003DA570 /* Main.storyboard */; };
		2B69B5FD26EA5306003DA570 /* Assets.xcassets in Resources */ = {isa = PBXBuildFile; fileRef = 2B69B5FC26EA5306003DA570 /* Assets.xcassets */; };
		2B69B60026EA5306003DA570 /* LaunchScreen.storyboard in Resources */ = {isa = PBXBuildFile; fileRef = 2B69B5FE26EA5306003DA570 /* LaunchScreen.storyboard */; };
		2B69B60B26EA5306003DA570 /* Hobby_TuturialTests.swift in Sources */ = {isa = PBXBuildFile; fileRef = 2B69B60A26EA5306003DA570 /* Hobby_TuturialTests.swift */; };
		2B69B61626EA5306003DA570 /* Hobby_TuturialUITests.swift in Sources */ = {isa = PBXBuildFile; fileRef = 2B69B61526EA5306003DA570 /* Hobby_TuturialUITests.swift */; };
/* End PBXBuildFile section */

/* Begin PBXContainerItemProxy section */
		2B69B60726EA5306003DA570 /* PBXContainerItemProxy */ = {
			isa = PBXContainerItemProxy;
			containerPortal = 2B69B5E826EA5303003DA570 /* Project object */;
			proxyType = 1;
			remoteGlobalIDString = 2B69B5EF26EA5303003DA570;
			remoteInfo = "Hobby Tuturial";
		};
		2B69B61226EA5306003DA570 /* PBXContainerItemProxy */ = {
			isa = PBXContainerItemProxy;
			containerPortal = 2B69B5E826EA5303003DA570 /* Project object */;
			proxyType = 1;
			remoteGlobalIDString = 2B69B5EF26EA5303003DA570;
			remoteInfo = "Hobby Tuturial";
		};
/* End PBXContainerItemProxy section */

/* Begin PBXFileReference section */
		2B69B5F026EA5303003DA570 /* Hobby Tuturial.app */ = {isa = PBXFileReference; explicitFileType = wrapper.application; includeInIndex = 0; path = "Hobby Tuturial.app"; sourceTree = BUILT_PRODUCTS_DIR; };
		2B69B5F326EA5303003DA570 /* AppDelegate.swift */ = {isa = PBXFileReference; lastKnownFileType = sourcecode.swift; path = AppDelegate.swift; sourceTree = "<group>"; };
		2B69B5F526EA5303003DA570 /* SceneDelegate.swift */ = {isa = PBXFileReference; lastKnownFileType = sourcecode.swift; path = SceneDelegate.swift; sourceTree = "<group>"; };
		2B69B5F726EA5303003DA570 /* ViewController.swift */ = {isa = PBXFileReference; lastKnownFileType = sourcecode.swift; path = ViewController.swift; sourceTree = "<group>"; };
		2B69B5FA26EA5303003DA570 /* Base */ = {isa = PBXFileReference; lastKnownFileType = file.storyboard; name = Base; path = Base.lproj/Main.storyboard; sourceTree = "<group>"; };
		2B69B5FC26EA5306003DA570 /* Assets.xcassets */ = {isa = PBXFileReference; lastKnownFileType = folder.assetcatalog; path = Assets.xcassets; sourceTree = "<group>"; };
		2B69B5FF26EA5306003DA570 /* Base */ = {isa = PBXFileReference; lastKnownFileType = file.storyboard; name = Base; path = Base.lproj/LaunchScreen.storyboard; sourceTree = "<group>"; };
		2B69B60126EA5306003DA570 /* Info.plist */ = {isa = PBXFileReference; lastKnownFileType = text.plist.xml; path = Info.plist; sourceTree = "<group>"; };
		2B69B60626EA5306003DA570 /* Hobby TuturialTests.xctest */ = {isa = PBXFileReference; explicitFileType = wrapper.cfbundle; includeInIndex = 0; path = "Hobby TuturialTests.xctest"; sourceTree = BUILT_PRODUCTS_DIR; };
		2B69B60A26EA5306003DA570 /* Hobby_TuturialTests.swift */ = {isa = PBXFileReference; lastKnownFileType = sourcecode.swift; path = Hobby_TuturialTests.swift; sourceTree = "<group>"; };
		2B69B60C26EA5306003DA570 /* Info.plist */ = {isa = PBXFileReference; lastKnownFileType = text.plist.xml; path = Info.plist; sourceTree = "<group>"; };
		2B69B61126EA5306003DA570 /* Hobby TuturialUITests.xctest */ = {isa = PBXFileReference; explicitFileType = wrapper.cfbundle; includeInIndex = 0; path = "Hobby TuturialUITests.xctest"; sourceTree = BUILT_PRODUCTS_DIR; };
		2B69B61526EA5306003DA570 /* Hobby_TuturialUITests.swift */ = {isa = PBXFileReference; lastKnownFileType = sourcecode.swift; path = Hobby_TuturialUITests.swift; sourceTree = "<group>"; };
		2B69B61726EA5306003DA570 /* Info.plist */ = {isa = PBXFileReference; lastKnownFileType = text.plist.xml; path = Info.plist; sourceTree = "<group>"; };
/* End PBXFileReference section */

/* Begin PBXFrameworksBuildPhase section */
		2B69B5ED26EA5303003DA570 /* Frameworks */ = {
			isa = PBXFrameworksBuildPhase;
			buildActionMask = 2147483647;
			files = (
			);
			runOnlyForDeploymentPostprocessing = 0;
		};
		2B69B60326EA5306003DA570 /* Frameworks */ = {
			isa = PBXFrameworksBuildPhase;
			buildActionMask = 2147483647;
			files = (
			);
			runOnlyForDeploymentPostprocessing = 0;
		};
		2B69B60E26EA5306003DA570 /* Frameworks */ = {
			isa = PBXFrameworksBuildPhase;
			buildActionMask = 2147483647;
			files = (
			);
			runOnlyForDeploymentPostprocessing = 0;
		};
/* End PBXFrameworksBuildPhase section */

/* Begin PBXGroup section */
		2B69B5E726EA5303003DA570 = {
			isa = PBXGroup;
			children = (
				2B69B5F226EA5303003DA570 /* Hobby Tuturial */,
				2B69B60926EA5306003DA570 /* Hobby TuturialTests */,
				2B69B61426EA5306003DA570 /* Hobby TuturialUITests */,
				2B69B5F126EA5303003DA570 /* Products */,
			);
			sourceTree = "<group>";
		};
		2B69B5F126EA5303003DA570 /* Products */ = {
			isa = PBXGroup;
			children = (
				2B69B5F026EA5303003DA570 /* Hobby Tuturial.app */,
				2B69B60626EA5306003DA570 /* Hobby TuturialTests.xctest */,
				2B69B61126EA5306003DA570 /* Hobby TuturialUITests.xctest */,
			);
			name = Products;
			sourceTree = "<group>";
		};
		2B69B5F226EA5303003DA570 /* Hobby Tuturial */ = {
			isa = PBXGroup;
			children = (
				2B69B5F326EA5303003DA570 /* AppDelegate.swift */,
				2B69B5F526EA5303003DA570 /* SceneDelegate.swift */,
				2B69B5F726EA5303003DA570 /* ViewController.swift */,
				2B69B5F926EA5303003DA570 /* Main.storyboard */,
				2B69B5FC26EA5306003DA570 /* Assets.xcassets */,
				2B69B5FE26EA5306003DA570 /* LaunchScreen.storyboard */,
				2B69B60126EA5306003DA570 /* Info.plist */,
			);
			path = "Hobby Tuturial";
			sourceTree = "<group>";
		};
		2B69B60926EA5306003DA570 /* Hobby TuturialTests */ = {
			isa = PBXGroup;
			children = (
				2B69B60A26EA5306003DA570 /* Hobby_TuturialTests.swift */,
				2B69B60C26EA5306003DA570 /* Info.plist */,
			);
			path = "Hobby TuturialTests";
			sourceTree = "<group>";
		};
		2B69B61426EA5306003DA570 /* Hobby TuturialUITests */ = {
			isa = PBXGroup;
			children = (
				2B69B61526EA5306003DA570 /* Hobby_TuturialUITests.swift */,
				2B69B61726EA5306003DA570 /* Info.plist */,
			);
			path = "Hobby TuturialUITests";
			sourceTree = "<group>";
		};
/* End PBXGroup section */

/* Begin PBXNativeTarget section */
		2B69B5EF26EA5303003DA570 /* Hobby Tuturial */ = {
			isa = PBXNativeTarget;
			buildConfigurationList = 2B69B61A26EA5306003DA570 /* Build configuration list for PBXNativeTarget "Hobby Tuturial" */;
			buildPhases = (
				2B69B5EC26EA5303003DA570 /* Sources */,
				2B69B5ED26EA5303003DA570 /* Frameworks */,
				2B69B5EE26EA5303003DA570 /* Resources */,
			);
			buildRules = (
			);
			dependencies = (
			);
			name = "Hobby Tuturial";
			productName = "Hobby Tuturial";
			productReference = 2B69B5F026EA5303003DA570 /* Hobby Tuturial.app */;
			productType = "com.apple.product-type.application";
		};
		2B69B60526EA5306003DA570 /* Hobby TuturialTests */ = {
			isa = PBXNativeTarget;
			buildConfigurationList = 2B69B61D26EA5306003DA570 /* Build configuration list for PBXNativeTarget "Hobby TuturialTests" */;
			buildPhases = (
				2B69B60226EA5306003DA570 /* Sources */,
				2B69B60326EA5306003DA570 /* Frameworks */,
				2B69B60426EA5306003DA570 /* Resources */,
			);
			buildRules = (
			);
			dependencies = (
				2B69B60826EA5306003DA570 /* PBXTargetDependency */,
			);
			name = "Hobby TuturialTests";
			productName = "Hobby TuturialTests";
			productReference = 2B69B60626EA5306003DA570 /* Hobby TuturialTests.xctest */;
			productType = "com.apple.product-type.bundle.unit-test";
		};
		2B69B61026EA5306003DA570 /* Hobby TuturialUITests */ = {
			isa = PBXNativeTarget;
			buildConfigurationList = 2B69B62026EA5306003DA570 /* Build configuration list for PBXNativeTarget "Hobby TuturialUITests" */;
			buildPhases = (
				2B69B60D26EA5306003DA570 /* Sources */,
				2B69B60E26EA5306003DA570 /* Frameworks */,
				2B69B60F26EA5306003DA570 /* Resources */,
			);
			buildRules = (
			);
			dependencies = (
				2B69B61326EA5306003DA570 /* PBXTargetDependency */,
			);
			name = "Hobby TuturialUITests";
			productName = "Hobby TuturialUITests";
			productReference = 2B69B61126EA5306003DA570 /* Hobby TuturialUITests.xctest */;
			productType = "com.apple.product-type.bundle.ui-testing";
		};
/* End PBXNativeTarget section */

/* Begin PBXProject section */
		2B69B5E826EA5303003DA570 /* Project object */ = {
			isa = PBXProject;
			attributes = {
				LastSwiftUpdateCheck = 1250;
				LastUpgradeCheck = 1250;
				TargetAttributes = {
					2B69B5EF26EA5303003DA570 = {
						CreatedOnToolsVersion = 12.5.1;
					};
					2B69B60526EA5306003DA570 = {
						CreatedOnToolsVersion = 12.5.1;
						TestTargetID = 2B69B5EF26EA5303003DA570;
					};
					2B69B61026EA5306003DA570 = {
						CreatedOnToolsVersion = 12.5.1;
						TestTargetID = 2B69B5EF26EA5303003DA570;
					};
				};
			};
			buildConfigurationList = 2B69B5EB26EA5303003DA570 /* Build configuration list for PBXProject "Hobby Tuturial" */;
			compatibilityVersion = "Xcode 9.3";
			developmentRegion = en;
			hasScannedForEncodings = 0;
			knownRegions = (
				en,
				Base,
			);
			mainGroup = 2B69B5E726EA5303003DA570;
			productRefGroup = 2B69B5F126EA5303003DA570 /* Products */;
			projectDirPath = "";
			projectRoot = "";
			targets = (
				2B69B5EF26EA5303003DA570 /* Hobby Tuturial */,
				2B69B60526EA5306003DA570 /* Hobby TuturialTests */,
				2B69B61026EA5306003DA570 /* Hobby TuturialUITests */,
			);
		};
/* End PBXProject section */

/* Begin PBXResourcesBuildPhase section */
		2B69B5EE26EA5303003DA570 /* Resources */ = {
			isa = PBXResourcesBuildPhase;
			buildActionMask = 2147483647;
			files = (
				2B69B60026EA5306003DA570 /* LaunchScreen.storyboard in Resources */,
				2B69B5FD26EA5306003DA570 /* Assets.xcassets in Resources */,
				2B69B5FB26EA5303003DA570 /* Main.storyboard in Resources */,
			);
			runOnlyForDeploymentPostprocessing = 0;
		};
		2B69B60426EA5306003DA570 /* Resources */ = {
			isa = PBXResourcesBuildPhase;
			buildActionMask = 2147483647;
			files = (
			);
			runOnlyForDeploymentPostprocessing = 0;
		};
		2B69B60F26EA5306003DA570 /* Resources */ = {
			isa = PBXResourcesBuildPhase;
			buildActionMask = 2147483647;
			files = (
			);
			runOnlyForDeploymentPostprocessing = 0;
		};
/* End PBXResourcesBuildPhase section */

/* Begin PBXSourcesBuildPhase section */
		2B69B5EC26EA5303003DA570 /* Sources */ = {
			isa = PBXSourcesBuildPhase;
			buildActionMask = 2147483647;
			files = (
				2B69B5F826EA5303003DA570 /* ViewController.swift in Sources */,
				2B69B5F426EA5303003DA570 /* AppDelegate.swift in Sources */,
				2B69B5F626EA5303003DA570 /* SceneDelegate.swift in Sources */,
			);
			runOnlyForDeploymentPostprocessing = 0;
		};
		2B69B60226EA5306003DA570 /* Sources */ = {
			isa = PBXSourcesBuildPhase;
			buildActionMask = 2147483647;
			files = (
				2B69B60B26EA5306003DA570 /* Hobby_TuturialTests.swift in Sources */,
			);
			runOnlyForDeploymentPostprocessing = 0;
		};
		2B69B60D26EA5306003DA570 /* Sources */ = {
			isa = PBXSourcesBuildPhase;
			buildActionMask = 2147483647;
			files = (
				2B69B61626EA5306003DA570 /* Hobby_TuturialUITests.swift in Sources */,
			);
			runOnlyForDeploymentPostprocessing = 0;
		};
/* End PBXSourcesBuildPhase section */

/* Begin PBXTargetDependency section */
		2B69B60826EA5306003DA570 /* PBXTargetDependency */ = {
			isa = PBXTargetDependency;
			target = 2B69B5EF26EA5303003DA570 /* Hobby Tuturial */;
			targetProxy = 2B69B60726EA5306003DA570 /* PBXContainerItemProxy */;
		};
		2B69B61326EA5306003DA570 /* PBXTargetDependency */ = {
			isa = PBXTargetDependency;
			target = 2B69B5EF26EA5303003DA570 /* Hobby Tuturial */;
			targetProxy = 2B69B61226EA5306003DA570 /* PBXContainerItemProxy */;
		};
/* End PBXTargetDependency section */

/* Begin PBXVariantGroup section */
		2B69B5F926EA5303003DA570 /* Main.storyboard */ = {
			isa = PBXVariantGroup;
			children = (
				2B69B5FA26EA5303003DA570 /* Base */,
			);
			name = Main.storyboard;
			sourceTree = "<group>";
		};
		2B69B5FE26EA5306003DA570 /* LaunchScreen.storyboard */ = {
			isa = PBXVariantGroup;
			children = (
				2B69B5FF26EA5306003DA570 /* Base */,
			);
			name = LaunchScreen.storyboard;
			sourceTree = "<group>";
		};
/* End PBXVariantGroup section */

/* Begin XCBuildConfiguration section */
		2B69B61826EA5306003DA570 /* Debug */ = {
			isa = XCBuildConfiguration;
			buildSettings = {
				ALWAYS_SEARCH_USER_PATHS = NO;
				CLANG_ANALYZER_NONNULL = YES;
				CLANG_ANALYZER_NUMBER_OBJECT_CONVERSION = YES_AGGRESSIVE;
				CLANG_CXX_LANGUAGE_STANDARD = "gnu++14";
				CLANG_CXX_LIBRARY = "libc++";
				CLANG_ENABLE_MODULES = YES;
				CLANG_ENABLE_OBJC_ARC = YES;
				CLANG_ENABLE_OBJC_WEAK = YES;
				CLANG_WARN_BLOCK_CAPTURE_AUTORELEASING = YES;
				CLANG_WARN_BOOL_CONVERSION = YES;
				CLANG_WARN_COMMA = YES;
				CLANG_WARN_CONSTANT_CONVERSION = YES;
				CLANG_WARN_DEPRECATED_OBJC_IMPLEMENTATIONS = YES;
				CLANG_WARN_DIRECT_OBJC_ISA_USAGE = YES_ERROR;
				CLANG_WARN_DOCUMENTATION_COMMENTS = YES;
				CLANG_WARN_EMPTY_BODY = YES;
				CLANG_WARN_ENUM_CONVERSION = YES;
				CLANG_WARN_INFINITE_RECURSION = YES;
				CLANG_WARN_INT_CONVERSION = YES;
				CLANG_WARN_NON_LITERAL_NULL_CONVERSION = YES;
				CLANG_WARN_OBJC_IMPLICIT_RETAIN_SELF = YES;
				CLANG_WARN_OBJC_LITERAL_CONVERSION = YES;
				CLANG_WARN_OBJC_ROOT_CLASS = YES_ERROR;
				CLANG_WARN_QUOTED_INCLUDE_IN_FRAMEWORK_HEADER = YES;
				CLANG_WARN_RANGE_LOOP_ANALYSIS = YES;
				CLANG_WARN_STRICT_PROTOTYPES = YES;
				CLANG_WARN_SUSPICIOUS_MOVE = YES;
				CLANG_WARN_UNGUARDED_AVAILABILITY = YES_AGGRESSIVE;
				CLANG_WARN_UNREACHABLE_CODE = YES;
				CLANG_WARN__DUPLICATE_METHOD_MATCH = YES;
				COPY_PHASE_STRIP = NO;
				DEBUG_INFORMATION_FORMAT = dwarf;
				ENABLE_STRICT_OBJC_MSGSEND = YES;
				ENABLE_TESTABILITY = YES;
				GCC_C_LANGUAGE_STANDARD = gnu11;
				GCC_DYNAMIC_NO_PIC = NO;
				GCC_NO_COMMON_BLOCKS = YES;
				GCC_OPTIMIZATION_LEVEL = 0;
				GCC_PREPROCESSOR_DEFINITIONS = (
					"DEBUG=1",
					"$(inherited)",
				);
				GCC_WARN_64_TO_32_BIT_CONVERSION = YES;
				GCC_WARN_ABOUT_RETURN_TYPE = YES_ERROR;
				GCC_WARN_UNDECLARED_SELECTOR = YES;
				GCC_WARN_UNINITIALIZED_AUTOS = YES_AGGRESSIVE;
				GCC_WARN_UNUSED_FUNCTION = YES;
				GCC_WARN_UNUSED_VARIABLE = YES;
				IPHONEOS_DEPLOYMENT_TARGET = 14.5;
				MTL_ENABLE_DEBUG_INFO = INCLUDE_SOURCE;
				MTL_FAST_MATH = YES;
				ONLY_ACTIVE_ARCH = YES;
				SDKROOT = iphoneos;
				SWIFT_ACTIVE_COMPILATION_CONDITIONS = DEBUG;
				SWIFT_OPTIMIZATION_LEVEL = "-Onone";
			};
			name = Debug;
		};
		2B69B61926EA5306003DA570 /* Release */ = {
			isa = XCBuildConfiguration;
			buildSettings = {
				ALWAYS_SEARCH_USER_PATHS = NO;
				CLANG_ANALYZER_NONNULL = YES;
				CLANG_ANALYZER_NUMBER_OBJECT_CONVERSION = YES_AGGRESSIVE;
				CLANG_CXX_LANGUAGE_STANDARD = "gnu++14";
				CLANG_CXX_LIBRARY = "libc++";
				CLANG_ENABLE_MODULES = YES;
				CLANG_ENABLE_OBJC_ARC = YES;
				CLANG_ENABLE_OBJC_WEAK = YES;
				CLANG_WARN_BLOCK_CAPTURE_AUTORELEASING = YES;
				CLANG_WARN_BOOL_CONVERSION = YES;
				CLANG_WARN_COMMA = YES;
				CLANG_WARN_CONSTANT_CONVERSION = YES;
				CLANG_WARN_DEPRECATED_OBJC_IMPLEMENTATIONS = YES;
				CLANG_WARN_DIRECT_OBJC_ISA_USAGE = YES_ERROR;
				CLANG_WARN_DOCUMENTATION_COMMENTS = YES;
				CLANG_WARN_EMPTY_BODY = YES;
				CLANG_WARN_ENUM_CONVERSION = YES;
				CLANG_WARN_INFINITE_RECURSION = YES;
				CLANG_WARN_INT_CONVERSION = YES;
				CLANG_WARN_NON_LITERAL_NULL_CONVERSION = YES;
				CLANG_WARN_OBJC_IMPLICIT_RETAIN_SELF = YES;
				CLANG_WARN_OBJC_LITERAL_CONVERSION = YES;
				CLANG_WARN_OBJC_ROOT_CLASS = YES_ERROR;
				CLANG_WARN_QUOTED_INCLUDE_IN_FRAMEWORK_HEADER = YES;
				CLANG_WARN_RANGE_LOOP_ANALYSIS = YES;
				CLANG_WARN_STRICT_PROTOTYPES = YES;
				CLANG_WARN_SUSPICIOUS_MOVE = YES;
				CLANG_WARN_UNGUARDED_AVAILABILITY = YES_AGGRESSIVE;
				CLANG_WARN_UNREACHABLE_CODE = YES;
				CLANG_WARN__DUPLICATE_METHOD_MATCH = YES;
				COPY_PHASE_STRIP = NO;
				DEBUG_INFORMATION_FORMAT = "dwarf-with-dsym";
				ENABLE_NS_ASSERTIONS = NO;
				ENABLE_STRICT_OBJC_MSGSEND = YES;
				GCC_C_LANGUAGE_STANDARD = gnu11;
				GCC_NO_COMMON_BLOCKS = YES;
				GCC_WARN_64_TO_32_BIT_CONVERSION = YES;
				GCC_WARN_ABOUT_RETURN_TYPE = YES_ERROR;
				GCC_WARN_UNDECLARED_SELECTOR = YES;
				GCC_WARN_UNINITIALIZED_AUTOS = YES_AGGRESSIVE;
				GCC_WARN_UNUSED_FUNCTION = YES;
				GCC_WARN_UNUSED_VARIABLE = YES;
				IPHONEOS_DEPLOYMENT_TARGET = 14.5;
				MTL_ENABLE_DEBUG_INFO = NO;
				MTL_FAST_MATH = YES;
				SDKROOT = iphoneos;
				SWIFT_COMPILATION_MODE = wholemodule;
				SWIFT_OPTIMIZATION_LEVEL = "-O";
				VALIDATE_PRODUCT = YES;
			};
			name = Release;
		};
		2B69B61B26EA5306003DA570 /* Debug */ = {
			isa = XCBuildConfiguration;
			buildSettings = {
				ASSETCATALOG_COMPILER_APPICON_NAME = AppIcon;
				ASSETCATALOG_COMPILER_GLOBAL_ACCENT_COLOR_NAME = AccentColor;
				CODE_SIGN_STYLE = Automatic;
				INFOPLIST_FILE = "Hobby Tuturial/Info.plist";
				LD_RUNPATH_SEARCH_PATHS = (
					"$(inherited)",
					"@executable_path/Frameworks",
				);
				PRODUCT_BUNDLE_IDENTIFIER = "com.reeceolsen.Hobby-Tuturial";
				PRODUCT_NAME = "$(TARGET_NAME)";
				SWIFT_VERSION = 5.0;
				TARGETED_DEVICE_FAMILY = "1,2";
			};
			name = Debug;
		};
		2B69B61C26EA5306003DA570 /* Release */ = {
			isa = XCBuildConfiguration;
			buildSettings = {
				ASSETCATALOG_COMPILER_APPICON_NAME = AppIcon;
				ASSETCATALOG_COMPILER_GLOBAL_ACCENT_COLOR_NAME = AccentColor;
				CODE_SIGN_STYLE = Automatic;
				INFOPLIST_FILE = "Hobby Tuturial/Info.plist";
				LD_RUNPATH_SEARCH_PATHS = (
					"$(inherited)",
					"@executable_path/Frameworks",
				);
				PRODUCT_BUNDLE_IDENTIFIER = "com.reeceolsen.Hobby-Tuturial";
				PRODUCT_NAME = "$(TARGET_NAME)";
				SWIFT_VERSION = 5.0;
				TARGETED_DEVICE_FAMILY = "1,2";
			};
			name = Release;
		};
		2B69B61E26EA5306003DA570 /* Debug */ = {
			isa = XCBuildConfiguration;
			buildSettings = {
				ALWAYS_EMBED_SWIFT_STANDARD_LIBRARIES = YES;
				BUNDLE_LOADER = "$(TEST_HOST)";
				CODE_SIGN_STYLE = Automatic;
				INFOPLIST_FILE = "Hobby TuturialTests/Info.plist";
				IPHONEOS_DEPLOYMENT_TARGET = 14.5;
				LD_RUNPATH_SEARCH_PATHS = (
					"$(inherited)",
					"@executable_path/Frameworks",
					"@loader_path/Frameworks",
				);
				PRODUCT_BUNDLE_IDENTIFIER = "com.reeceolsen.Hobby-TuturialTests";
				PRODUCT_NAME = "$(TARGET_NAME)";
				SWIFT_VERSION = 5.0;
				TARGETED_DEVICE_FAMILY = "1,2";
				TEST_HOST = "$(BUILT_PRODUCTS_DIR)/Hobby Tuturial.app/Hobby Tuturial";
			};
			name = Debug;
		};
		2B69B61F26EA5306003DA570 /* Release */ = {
			isa = XCBuildConfiguration;
			buildSettings = {
				ALWAYS_EMBED_SWIFT_STANDARD_LIBRARIES = YES;
				BUNDLE_LOADER = "$(TEST_HOST)";
				CODE_SIGN_STYLE = Automatic;
				INFOPLIST_FILE = "Hobby TuturialTests/Info.plist";
				IPHONEOS_DEPLOYMENT_TARGET = 14.5;
				LD_RUNPATH_SEARCH_PATHS = (
					"$(inherited)",
					"@executable_path/Frameworks",
					"@loader_path/Frameworks",
				);
				PRODUCT_BUNDLE_IDENTIFIER = "com.reeceolsen.Hobby-TuturialTests";
				PRODUCT_NAME = "$(TARGET_NAME)";
				SWIFT_VERSION = 5.0;
				TARGETED_DEVICE_FAMILY = "1,2";
				TEST_HOST = "$(BUILT_PRODUCTS_DIR)/Hobby Tuturial.app/Hobby Tuturial";
			};
			name = Release;
		};
		2B69B62126EA5306003DA570 /* Debug */ = {
			isa = XCBuildConfiguration;
			buildSettings = {
				ALWAYS_EMBED_SWIFT_STANDARD_LIBRARIES = YES;
				CODE_SIGN_STYLE = Automatic;
				INFOPLIST_FILE = "Hobby TuturialUITests/Info.plist";
				LD_RUNPATH_SEARCH_PATHS = (
					"$(inherited)",
					"@executable_path/Frameworks",
					"@loader_path/Frameworks",
				);
				PRODUCT_BUNDLE_IDENTIFIER = "com.reeceolsen.Hobby-TuturialUITests";
				PRODUCT_NAME = "$(TARGET_NAME)";
				SWIFT_VERSION = 5.0;
				TARGETED_DEVICE_FAMILY = "1,2";
				TEST_TARGET_NAME = "Hobby Tuturial";
			};
			name = Debug;
		};
		2B69B62226EA5306003DA570 /* Release */ = {
			isa = XCBuildConfiguration;
			buildSettings = {
				ALWAYS_EMBED_SWIFT_STANDARD_LIBRARIES = YES;
				CODE_SIGN_STYLE = Automatic;
				INFOPLIST_FILE = "Hobby TuturialUITests/Info.plist";
				LD_RUNPATH_SEARCH_PATHS = (
					"$(inherited)",
					"@executable_path/Frameworks",
					"@loader_path/Frameworks",
				);
				PRODUCT_BUNDLE_IDENTIFIER = "com.reeceolsen.Hobby-TuturialUITests";
				PRODUCT_NAME = "$(TARGET_NAME)";
				SWIFT_VERSION = 5.0;
				TARGETED_DEVICE_FAMILY = "1,2";
				TEST_TARGET_NAME = "Hobby Tuturial";
			};
			name = Release;
		};
/* End XCBuildConfiguration section */

/* Begin XCConfigurationList section */
		2B69B5EB26EA5303003DA570 /* Build configuration list for PBXProject "Hobby Tuturial" */ = {
			isa = XCConfigurationList;
			buildConfigurations = (
				2B69B61826EA5306003DA570 /* Debug */,
				2B69B61926EA5306003DA570 /* Release */,
			);
			defaultConfigurationIsVisible = 0;
			defaultConfigurationName = Release;
		};
		2B69B61A26EA5306003DA570 /* Build configuration list for PBXNativeTarget "Hobby Tuturial" */ = {
			isa = XCConfigurationList;
			buildConfigurations = (
				2B69B61B26EA5306003DA570 /* Debug */,
				2B69B61C26EA5306003DA570 /* Release */,
			);
			defaultConfigurationIsVisible = 0;
			defaultConfigurationName = Release;
		};
		2B69B61D26EA5306003DA570 /* Build configuration list for PBXNativeTarget "Hobby TuturialTests" */ = {
			isa = XCConfigurationList;
			buildConfigurations = (
				2B69B61E26EA5306003DA570 /* Debug */,
				2B69B61F26EA5306003DA570 /* Release */,
			);
			defaultConfigurationIsVisible = 0;
			defaultConfigurationName = Release;
		};
		2B69B62026EA5306003DA570 /* Build configuration list for PBXNativeTarget "Hobby TuturialUITests" */ = {
			isa = XCConfigurationList;
			buildConfigurations = (
				2B69B62126EA5306003DA570 /* Debug */,
				2B69B62226EA5306003DA570 /* Release */,
			);
			defaultConfigurationIsVisible = 0;
			defaultConfigurationName = Release;
		};
/* End XCConfigurationList section */
	};
	rootObject = 2B69B5E826EA5303003DA570 /* Project object */;
}
