// !$*UTF8*$!
{
	archiveVersion = 1;
	classes = {
	};
	objectVersion = 50;
	objects = {

/* Begin PBXBuildFile section */
		2BC36E1927205A4B0024B21D /* AddPlayerViewController.swift in Sources */ = {isa = PBXBuildFile; fileRef = 2BC36E1827205A4B0024B21D /* AddPlayerViewController.swift */; };
		2BC36E1B27205FF90024B21D /* Player.swift in Sources */ = {isa = PBXBuildFile; fileRef = 2BC36E1A27205FF90024B21D /* Player.swift */; };
		2BC36E1D2720743C0024B21D /* TableViewCell.swift in Sources */ = {isa = PBXBuildFile; fileRef = 2BC36E1C2720743C0024B21D /* TableViewCell.swift */; };
		2BE9722F2720552900E66AA6 /* AppDelegate.swift in Sources */ = {isa = PBXBuildFile; fileRef = 2BE9722E2720552900E66AA6 /* AppDelegate.swift */; };
		2BE972312720552900E66AA6 /* SceneDelegate.swift in Sources */ = {isa = PBXBuildFile; fileRef = 2BE972302720552900E66AA6 /* SceneDelegate.swift */; };
		2BE972332720552900E66AA6 /* ViewController.swift in Sources */ = {isa = PBXBuildFile; fileRef = 2BE972322720552900E66AA6 /* ViewController.swift */; };
		2BE972362720552900E66AA6 /* Main.storyboard in Resources */ = {isa = PBXBuildFile; fileRef = 2BE972342720552900E66AA6 /* Main.storyboard */; };
		2BE972382720552C00E66AA6 /* Assets.xcassets in Resources */ = {isa = PBXBuildFile; fileRef = 2BE972372720552C00E66AA6 /* Assets.xcassets */; };
		2BE9723B2720552C00E66AA6 /* LaunchScreen.storyboard in Resources */ = {isa = PBXBuildFile; fileRef = 2BE972392720552C00E66AA6 /* LaunchScreen.storyboard */; };
		2BE972462720552C00E66AA6 /* scoreboardTests.swift in Sources */ = {isa = PBXBuildFile; fileRef = 2BE972452720552C00E66AA6 /* scoreboardTests.swift */; };
		2BE972512720552C00E66AA6 /* scoreboardUITests.swift in Sources */ = {isa = PBXBuildFile; fileRef = 2BE972502720552C00E66AA6 /* scoreboardUITests.swift */; };
/* End PBXBuildFile section */

/* Begin PBXContainerItemProxy section */
		2BE972422720552C00E66AA6 /* PBXContainerItemProxy */ = {
			isa = PBXContainerItemProxy;
			containerPortal = 2BE972232720552900E66AA6 /* Project object */;
			proxyType = 1;
			remoteGlobalIDString = 2BE9722A2720552900E66AA6;
			remoteInfo = scoreboard;
		};
		2BE9724D2720552C00E66AA6 /* PBXContainerItemProxy */ = {
			isa = PBXContainerItemProxy;
			containerPortal = 2BE972232720552900E66AA6 /* Project object */;
			proxyType = 1;
			remoteGlobalIDString = 2BE9722A2720552900E66AA6;
			remoteInfo = scoreboard;
		};
/* End PBXContainerItemProxy section */

/* Begin PBXFileReference section */
		2BC36E1827205A4B0024B21D /* AddPlayerViewController.swift */ = {isa = PBXFileReference; lastKnownFileType = sourcecode.swift; path = AddPlayerViewController.swift; sourceTree = "<group>"; };
		2BC36E1A27205FF90024B21D /* Player.swift */ = {isa = PBXFileReference; lastKnownFileType = sourcecode.swift; path = Player.swift; sourceTree = "<group>"; };
		2BC36E1C2720743C0024B21D /* TableViewCell.swift */ = {isa = PBXFileReference; lastKnownFileType = sourcecode.swift; path = TableViewCell.swift; sourceTree = "<group>"; };
		2BE9722B2720552900E66AA6 /* scoreboard.app */ = {isa = PBXFileReference; explicitFileType = wrapper.application; includeInIndex = 0; path = scoreboard.app; sourceTree = BUILT_PRODUCTS_DIR; };
		2BE9722E2720552900E66AA6 /* AppDelegate.swift */ = {isa = PBXFileReference; lastKnownFileType = sourcecode.swift; path = AppDelegate.swift; sourceTree = "<group>"; };
		2BE972302720552900E66AA6 /* SceneDelegate.swift */ = {isa = PBXFileReference; lastKnownFileType = sourcecode.swift; path = SceneDelegate.swift; sourceTree = "<group>"; };
		2BE972322720552900E66AA6 /* ViewController.swift */ = {isa = PBXFileReference; lastKnownFileType = sourcecode.swift; path = ViewController.swift; sourceTree = "<group>"; };
		2BE972352720552900E66AA6 /* Base */ = {isa = PBXFileReference; lastKnownFileType = file.storyboard; name = Base; path = Base.lproj/Main.storyboard; sourceTree = "<group>"; };
		2BE972372720552C00E66AA6 /* Assets.xcassets */ = {isa = PBXFileReference; lastKnownFileType = folder.assetcatalog; path = Assets.xcassets; sourceTree = "<group>"; };
		2BE9723A2720552C00E66AA6 /* Base */ = {isa = PBXFileReference; lastKnownFileType = file.storyboard; name = Base; path = Base.lproj/LaunchScreen.storyboard; sourceTree = "<group>"; };
		2BE9723C2720552C00E66AA6 /* Info.plist */ = {isa = PBXFileReference; lastKnownFileType = text.plist.xml; path = Info.plist; sourceTree = "<group>"; };
		2BE972412720552C00E66AA6 /* scoreboardTests.xctest */ = {isa = PBXFileReference; explicitFileType = wrapper.cfbundle; includeInIndex = 0; path = scoreboardTests.xctest; sourceTree = BUILT_PRODUCTS_DIR; };
		2BE972452720552C00E66AA6 /* scoreboardTests.swift */ = {isa = PBXFileReference; lastKnownFileType = sourcecode.swift; path = scoreboardTests.swift; sourceTree = "<group>"; };
		2BE972472720552C00E66AA6 /* Info.plist */ = {isa = PBXFileReference; lastKnownFileType = text.plist.xml; path = Info.plist; sourceTree = "<group>"; };
		2BE9724C2720552C00E66AA6 /* scoreboardUITests.xctest */ = {isa = PBXFileReference; explicitFileType = wrapper.cfbundle; includeInIndex = 0; path = scoreboardUITests.xctest; sourceTree = BUILT_PRODUCTS_DIR; };
		2BE972502720552C00E66AA6 /* scoreboardUITests.swift */ = {isa = PBXFileReference; lastKnownFileType = sourcecode.swift; path = scoreboardUITests.swift; sourceTree = "<group>"; };
		2BE972522720552C00E66AA6 /* Info.plist */ = {isa = PBXFileReference; lastKnownFileType = text.plist.xml; path = Info.plist; sourceTree = "<group>"; };
/* End PBXFileReference section */

/* Begin PBXFrameworksBuildPhase section */
		2BE972282720552900E66AA6 /* Frameworks */ = {
			isa = PBXFrameworksBuildPhase;
			buildActionMask = 2147483647;
			files = (
			);
			runOnlyForDeploymentPostprocessing = 0;
		};
		2BE9723E2720552C00E66AA6 /* Frameworks */ = {
			isa = PBXFrameworksBuildPhase;
			buildActionMask = 2147483647;
			files = (
			);
			runOnlyForDeploymentPostprocessing = 0;
		};
		2BE972492720552C00E66AA6 /* Frameworks */ = {
			isa = PBXFrameworksBuildPhase;
			buildActionMask = 2147483647;
			files = (
			);
			runOnlyForDeploymentPostprocessing = 0;
		};
/* End PBXFrameworksBuildPhase section */

/* Begin PBXGroup section */
		2BE972222720552900E66AA6 = {
			isa = PBXGroup;
			children = (
				2BE9722D2720552900E66AA6 /* scoreboard */,
				2BE972442720552C00E66AA6 /* scoreboardTests */,
				2BE9724F2720552C00E66AA6 /* scoreboardUITests */,
				2BE9722C2720552900E66AA6 /* Products */,
			);
			sourceTree = "<group>";
		};
		2BE9722C2720552900E66AA6 /* Products */ = {
			isa = PBXGroup;
			children = (
				2BE9722B2720552900E66AA6 /* scoreboard.app */,
				2BE972412720552C00E66AA6 /* scoreboardTests.xctest */,
				2BE9724C2720552C00E66AA6 /* scoreboardUITests.xctest */,
			);
			name = Products;
			sourceTree = "<group>";
		};
		2BE9722D2720552900E66AA6 /* scoreboard */ = {
			isa = PBXGroup;
			children = (
				2BE9722E2720552900E66AA6 /* AppDelegate.swift */,
				2BE972302720552900E66AA6 /* SceneDelegate.swift */,
				2BE972322720552900E66AA6 /* ViewController.swift */,
				2BC36E1C2720743C0024B21D /* TableViewCell.swift */,
				2BE972342720552900E66AA6 /* Main.storyboard */,
				2BC36E1A27205FF90024B21D /* Player.swift */,
				2BC36E1827205A4B0024B21D /* AddPlayerViewController.swift */,
				2BE972372720552C00E66AA6 /* Assets.xcassets */,
				2BE972392720552C00E66AA6 /* LaunchScreen.storyboard */,
				2BE9723C2720552C00E66AA6 /* Info.plist */,
			);
			path = scoreboard;
			sourceTree = "<group>";
		};
		2BE972442720552C00E66AA6 /* scoreboardTests */ = {
			isa = PBXGroup;
			children = (
				2BE972452720552C00E66AA6 /* scoreboardTests.swift */,
				2BE972472720552C00E66AA6 /* Info.plist */,
			);
			path = scoreboardTests;
			sourceTree = "<group>";
		};
		2BE9724F2720552C00E66AA6 /* scoreboardUITests */ = {
			isa = PBXGroup;
			children = (
				2BE972502720552C00E66AA6 /* scoreboardUITests.swift */,
				2BE972522720552C00E66AA6 /* Info.plist */,
			);
			path = scoreboardUITests;
			sourceTree = "<group>";
		};
/* End PBXGroup section */

/* Begin PBXNativeTarget section */
		2BE9722A2720552900E66AA6 /* scoreboard */ = {
			isa = PBXNativeTarget;
			buildConfigurationList = 2BE972552720552C00E66AA6 /* Build configuration list for PBXNativeTarget "scoreboard" */;
			buildPhases = (
				2BE972272720552900E66AA6 /* Sources */,
				2BE972282720552900E66AA6 /* Frameworks */,
				2BE972292720552900E66AA6 /* Resources */,
			);
			buildRules = (
			);
			dependencies = (
			);
			name = scoreboard;
			productName = scoreboard;
			productReference = 2BE9722B2720552900E66AA6 /* scoreboard.app */;
			productType = "com.apple.product-type.application";
		};
		2BE972402720552C00E66AA6 /* scoreboardTests */ = {
			isa = PBXNativeTarget;
			buildConfigurationList = 2BE972582720552C00E66AA6 /* Build configuration list for PBXNativeTarget "scoreboardTests" */;
			buildPhases = (
				2BE9723D2720552C00E66AA6 /* Sources */,
				2BE9723E2720552C00E66AA6 /* Frameworks */,
				2BE9723F2720552C00E66AA6 /* Resources */,
			);
			buildRules = (
			);
			dependencies = (
				2BE972432720552C00E66AA6 /* PBXTargetDependency */,
			);
			name = scoreboardTests;
			productName = scoreboardTests;
			productReference = 2BE972412720552C00E66AA6 /* scoreboardTests.xctest */;
			productType = "com.apple.product-type.bundle.unit-test";
		};
		2BE9724B2720552C00E66AA6 /* scoreboardUITests */ = {
			isa = PBXNativeTarget;
			buildConfigurationList = 2BE9725B2720552C00E66AA6 /* Build configuration list for PBXNativeTarget "scoreboardUITests" */;
			buildPhases = (
				2BE972482720552C00E66AA6 /* Sources */,
				2BE972492720552C00E66AA6 /* Frameworks */,
				2BE9724A2720552C00E66AA6 /* Resources */,
			);
			buildRules = (
			);
			dependencies = (
				2BE9724E2720552C00E66AA6 /* PBXTargetDependency */,
			);
			name = scoreboardUITests;
			productName = scoreboardUITests;
			productReference = 2BE9724C2720552C00E66AA6 /* scoreboardUITests.xctest */;
			productType = "com.apple.product-type.bundle.ui-testing";
		};
/* End PBXNativeTarget section */

/* Begin PBXProject section */
		2BE972232720552900E66AA6 /* Project object */ = {
			isa = PBXProject;
			attributes = {
				LastSwiftUpdateCheck = 1250;
				LastUpgradeCheck = 1250;
				TargetAttributes = {
					2BE9722A2720552900E66AA6 = {
						CreatedOnToolsVersion = 12.5.1;
					};
					2BE972402720552C00E66AA6 = {
						CreatedOnToolsVersion = 12.5.1;
						TestTargetID = 2BE9722A2720552900E66AA6;
					};
					2BE9724B2720552C00E66AA6 = {
						CreatedOnToolsVersion = 12.5.1;
						TestTargetID = 2BE9722A2720552900E66AA6;
					};
				};
			};
			buildConfigurationList = 2BE972262720552900E66AA6 /* Build configuration list for PBXProject "scoreboard" */;
			compatibilityVersion = "Xcode 9.3";
			developmentRegion = en;
			hasScannedForEncodings = 0;
			knownRegions = (
				en,
				Base,
			);
			mainGroup = 2BE972222720552900E66AA6;
			productRefGroup = 2BE9722C2720552900E66AA6 /* Products */;
			projectDirPath = "";
			projectRoot = "";
			targets = (
				2BE9722A2720552900E66AA6 /* scoreboard */,
				2BE972402720552C00E66AA6 /* scoreboardTests */,
				2BE9724B2720552C00E66AA6 /* scoreboardUITests */,
			);
		};
/* End PBXProject section */

/* Begin PBXResourcesBuildPhase section */
		2BE972292720552900E66AA6 /* Resources */ = {
			isa = PBXResourcesBuildPhase;
			buildActionMask = 2147483647;
			files = (
				2BE9723B2720552C00E66AA6 /* LaunchScreen.storyboard in Resources */,
				2BE972382720552C00E66AA6 /* Assets.xcassets in Resources */,
				2BE972362720552900E66AA6 /* Main.storyboard in Resources */,
			);
			runOnlyForDeploymentPostprocessing = 0;
		};
		2BE9723F2720552C00E66AA6 /* Resources */ = {
			isa = PBXResourcesBuildPhase;
			buildActionMask = 2147483647;
			files = (
			);
			runOnlyForDeploymentPostprocessing = 0;
		};
		2BE9724A2720552C00E66AA6 /* Resources */ = {
			isa = PBXResourcesBuildPhase;
			buildActionMask = 2147483647;
			files = (
			);
			runOnlyForDeploymentPostprocessing = 0;
		};
/* End PBXResourcesBuildPhase section */

/* Begin PBXSourcesBuildPhase section */
		2BE972272720552900E66AA6 /* Sources */ = {
			isa = PBXSourcesBuildPhase;
			buildActionMask = 2147483647;
			files = (
				2BE972332720552900E66AA6 /* ViewController.swift in Sources */,
				2BC36E1927205A4B0024B21D /* AddPlayerViewController.swift in Sources */,
				2BE9722F2720552900E66AA6 /* AppDelegate.swift in Sources */,
				2BC36E1D2720743C0024B21D /* TableViewCell.swift in Sources */,
				2BC36E1B27205FF90024B21D /* Player.swift in Sources */,
				2BE972312720552900E66AA6 /* SceneDelegate.swift in Sources */,
			);
			runOnlyForDeploymentPostprocessing = 0;
		};
		2BE9723D2720552C00E66AA6 /* Sources */ = {
			isa = PBXSourcesBuildPhase;
			buildActionMask = 2147483647;
			files = (
				2BE972462720552C00E66AA6 /* scoreboardTests.swift in Sources */,
			);
			runOnlyForDeploymentPostprocessing = 0;
		};
		2BE972482720552C00E66AA6 /* Sources */ = {
			isa = PBXSourcesBuildPhase;
			buildActionMask = 2147483647;
			files = (
				2BE972512720552C00E66AA6 /* scoreboardUITests.swift in Sources */,
			);
			runOnlyForDeploymentPostprocessing = 0;
		};
/* End PBXSourcesBuildPhase section */

/* Begin PBXTargetDependency section */
		2BE972432720552C00E66AA6 /* PBXTargetDependency */ = {
			isa = PBXTargetDependency;
			target = 2BE9722A2720552900E66AA6 /* scoreboard */;
			targetProxy = 2BE972422720552C00E66AA6 /* PBXContainerItemProxy */;
		};
		2BE9724E2720552C00E66AA6 /* PBXTargetDependency */ = {
			isa = PBXTargetDependency;
			target = 2BE9722A2720552900E66AA6 /* scoreboard */;
			targetProxy = 2BE9724D2720552C00E66AA6 /* PBXContainerItemProxy */;
		};
/* End PBXTargetDependency section */

/* Begin PBXVariantGroup section */
		2BE972342720552900E66AA6 /* Main.storyboard */ = {
			isa = PBXVariantGroup;
			children = (
				2BE972352720552900E66AA6 /* Base */,
			);
			name = Main.storyboard;
			sourceTree = "<group>";
		};
		2BE972392720552C00E66AA6 /* LaunchScreen.storyboard */ = {
			isa = PBXVariantGroup;
			children = (
				2BE9723A2720552C00E66AA6 /* Base */,
			);
			name = LaunchScreen.storyboard;
			sourceTree = "<group>";
		};
/* End PBXVariantGroup section */

/* Begin XCBuildConfiguration section */
		2BE972532720552C00E66AA6 /* Debug */ = {
			isa = XCBuildConfiguration;
			buildSettings = {
				ALWAYS_SEARCH_USER_PATHS = NO;
				CLANG_ANALYZER_NONNULL = YES;
				CLANG_ANALYZER_NUMBER_OBJECT_CONVERSION = YES_AGGRESSIVE;
				CLANG_CXX_LANGUAGE_STANDARD = "gnu++14";
				CLANG_CXX_LIBRARY = "libc++";
				CLANG_ENABLE_MODULES = YES;
				CLANG_ENABLE_OBJC_ARC = YES;
				CLANG_ENABLE_OBJC_WEAK = YES;
				CLANG_WARN_BLOCK_CAPTURE_AUTORELEASING = YES;
				CLANG_WARN_BOOL_CONVERSION = YES;
				CLANG_WARN_COMMA = YES;
				CLANG_WARN_CONSTANT_CONVERSION = YES;
				CLANG_WARN_DEPRECATED_OBJC_IMPLEMENTATIONS = YES;
				CLANG_WARN_DIRECT_OBJC_ISA_USAGE = YES_ERROR;
				CLANG_WARN_DOCUMENTATION_COMMENTS = YES;
				CLANG_WARN_EMPTY_BODY = YES;
				CLANG_WARN_ENUM_CONVERSION = YES;
				CLANG_WARN_INFINITE_RECURSION = YES;
				CLANG_WARN_INT_CONVERSION = YES;
				CLANG_WARN_NON_LITERAL_NULL_CONVERSION = YES;
				CLANG_WARN_OBJC_IMPLICIT_RETAIN_SELF = YES;
				CLANG_WARN_OBJC_LITERAL_CONVERSION = YES;
				CLANG_WARN_OBJC_ROOT_CLASS = YES_ERROR;
				CLANG_WARN_QUOTED_INCLUDE_IN_FRAMEWORK_HEADER = YES;
				CLANG_WARN_RANGE_LOOP_ANALYSIS = YES;
				CLANG_WARN_STRICT_PROTOTYPES = YES;
				CLANG_WARN_SUSPICIOUS_MOVE = YES;
				CLANG_WARN_UNGUARDED_AVAILABILITY = YES_AGGRESSIVE;
				CLANG_WARN_UNREACHABLE_CODE = YES;
				CLANG_WARN__DUPLICATE_METHOD_MATCH = YES;
				COPY_PHASE_STRIP = NO;
				DEBUG_INFORMATION_FORMAT = dwarf;
				ENABLE_STRICT_OBJC_MSGSEND = YES;
				ENABLE_TESTABILITY = YES;
				GCC_C_LANGUAGE_STANDARD = gnu11;
				GCC_DYNAMIC_NO_PIC = NO;
				GCC_NO_COMMON_BLOCKS = YES;
				GCC_OPTIMIZATION_LEVEL = 0;
				GCC_PREPROCESSOR_DEFINITIONS = (
					"DEBUG=1",
					"$(inherited)",
				);
				GCC_WARN_64_TO_32_BIT_CONVERSION = YES;
				GCC_WARN_ABOUT_RETURN_TYPE = YES_ERROR;
				GCC_WARN_UNDECLARED_SELECTOR = YES;
				GCC_WARN_UNINITIALIZED_AUTOS = YES_AGGRESSIVE;
				GCC_WARN_UNUSED_FUNCTION = YES;
				GCC_WARN_UNUSED_VARIABLE = YES;
				IPHONEOS_DEPLOYMENT_TARGET = 14.5;
				MTL_ENABLE_DEBUG_INFO = INCLUDE_SOURCE;
				MTL_FAST_MATH = YES;
				ONLY_ACTIVE_ARCH = YES;
				SDKROOT = iphoneos;
				SWIFT_ACTIVE_COMPILATION_CONDITIONS = DEBUG;
				SWIFT_OPTIMIZATION_LEVEL = "-Onone";
			};
			name = Debug;
		};
		2BE972542720552C00E66AA6 /* Release */ = {
			isa = XCBuildConfiguration;
			buildSettings = {
				ALWAYS_SEARCH_USER_PATHS = NO;
				CLANG_ANALYZER_NONNULL = YES;
				CLANG_ANALYZER_NUMBER_OBJECT_CONVERSION = YES_AGGRESSIVE;
				CLANG_CXX_LANGUAGE_STANDARD = "gnu++14";
				CLANG_CXX_LIBRARY = "libc++";
				CLANG_ENABLE_MODULES = YES;
				CLANG_ENABLE_OBJC_ARC = YES;
				CLANG_ENABLE_OBJC_WEAK = YES;
				CLANG_WARN_BLOCK_CAPTURE_AUTORELEASING = YES;
				CLANG_WARN_BOOL_CONVERSION = YES;
				CLANG_WARN_COMMA = YES;
				CLANG_WARN_CONSTANT_CONVERSION = YES;
				CLANG_WARN_DEPRECATED_OBJC_IMPLEMENTATIONS = YES;
				CLANG_WARN_DIRECT_OBJC_ISA_USAGE = YES_ERROR;
				CLANG_WARN_DOCUMENTATION_COMMENTS = YES;
				CLANG_WARN_EMPTY_BODY = YES;
				CLANG_WARN_ENUM_CONVERSION = YES;
				CLANG_WARN_INFINITE_RECURSION = YES;
				CLANG_WARN_INT_CONVERSION = YES;
				CLANG_WARN_NON_LITERAL_NULL_CONVERSION = YES;
				CLANG_WARN_OBJC_IMPLICIT_RETAIN_SELF = YES;
				CLANG_WARN_OBJC_LITERAL_CONVERSION = YES;
				CLANG_WARN_OBJC_ROOT_CLASS = YES_ERROR;
				CLANG_WARN_QUOTED_INCLUDE_IN_FRAMEWORK_HEADER = YES;
				CLANG_WARN_RANGE_LOOP_ANALYSIS = YES;
				CLANG_WARN_STRICT_PROTOTYPES = YES;
				CLANG_WARN_SUSPICIOUS_MOVE = YES;
				CLANG_WARN_UNGUARDED_AVAILABILITY = YES_AGGRESSIVE;
				CLANG_WARN_UNREACHABLE_CODE = YES;
				CLANG_WARN__DUPLICATE_METHOD_MATCH = YES;
				COPY_PHASE_STRIP = NO;
				DEBUG_INFORMATION_FORMAT = "dwarf-with-dsym";
				ENABLE_NS_ASSERTIONS = NO;
				ENABLE_STRICT_OBJC_MSGSEND = YES;
				GCC_C_LANGUAGE_STANDARD = gnu11;
				GCC_NO_COMMON_BLOCKS = YES;
				GCC_WARN_64_TO_32_BIT_CONVERSION = YES;
				GCC_WARN_ABOUT_RETURN_TYPE = YES_ERROR;
				GCC_WARN_UNDECLARED_SELECTOR = YES;
				GCC_WARN_UNINITIALIZED_AUTOS = YES_AGGRESSIVE;
				GCC_WARN_UNUSED_FUNCTION = YES;
				GCC_WARN_UNUSED_VARIABLE = YES;
				IPHONEOS_DEPLOYMENT_TARGET = 14.5;
				MTL_ENABLE_DEBUG_INFO = NO;
				MTL_FAST_MATH = YES;
				SDKROOT = iphoneos;
				SWIFT_COMPILATION_MODE = wholemodule;
				SWIFT_OPTIMIZATION_LEVEL = "-O";
				VALIDATE_PRODUCT = YES;
			};
			name = Release;
		};
		2BE972562720552C00E66AA6 /* Debug */ = {
			isa = XCBuildConfiguration;
			buildSettings = {
				ASSETCATALOG_COMPILER_APPICON_NAME = AppIcon;
				ASSETCATALOG_COMPILER_GLOBAL_ACCENT_COLOR_NAME = AccentColor;
				CODE_SIGN_STYLE = Automatic;
				INFOPLIST_FILE = scoreboard/Info.plist;
				LD_RUNPATH_SEARCH_PATHS = (
					"$(inherited)",
					"@executable_path/Frameworks",
				);
				PRODUCT_BUNDLE_IDENTIFIER = com.reeceolsen.scoreboard;
				PRODUCT_NAME = "$(TARGET_NAME)";
				SWIFT_VERSION = 5.0;
				TARGETED_DEVICE_FAMILY = "1,2";
			};
			name = Debug;
		};
		2BE972572720552C00E66AA6 /* Release */ = {
			isa = XCBuildConfiguration;
			buildSettings = {
				ASSETCATALOG_COMPILER_APPICON_NAME = AppIcon;
				ASSETCATALOG_COMPILER_GLOBAL_ACCENT_COLOR_NAME = AccentColor;
				CODE_SIGN_STYLE = Automatic;
				INFOPLIST_FILE = scoreboard/Info.plist;
				LD_RUNPATH_SEARCH_PATHS = (
					"$(inherited)",
					"@executable_path/Frameworks",
				);
				PRODUCT_BUNDLE_IDENTIFIER = com.reeceolsen.scoreboard;
				PRODUCT_NAME = "$(TARGET_NAME)";
				SWIFT_VERSION = 5.0;
				TARGETED_DEVICE_FAMILY = "1,2";
			};
			name = Release;
		};
		2BE972592720552C00E66AA6 /* Debug */ = {
			isa = XCBuildConfiguration;
			buildSettings = {
				ALWAYS_EMBED_SWIFT_STANDARD_LIBRARIES = YES;
				BUNDLE_LOADER = "$(TEST_HOST)";
				CODE_SIGN_STYLE = Automatic;
				INFOPLIST_FILE = scoreboardTests/Info.plist;
				IPHONEOS_DEPLOYMENT_TARGET = 14.5;
				LD_RUNPATH_SEARCH_PATHS = (
					"$(inherited)",
					"@executable_path/Frameworks",
					"@loader_path/Frameworks",
				);
				PRODUCT_BUNDLE_IDENTIFIER = com.reeceolsen.scoreboardTests;
				PRODUCT_NAME = "$(TARGET_NAME)";
				SWIFT_VERSION = 5.0;
				TARGETED_DEVICE_FAMILY = "1,2";
				TEST_HOST = "$(BUILT_PRODUCTS_DIR)/scoreboard.app/scoreboard";
			};
			name = Debug;
		};
		2BE9725A2720552C00E66AA6 /* Release */ = {
			isa = XCBuildConfiguration;
			buildSettings = {
				ALWAYS_EMBED_SWIFT_STANDARD_LIBRARIES = YES;
				BUNDLE_LOADER = "$(TEST_HOST)";
				CODE_SIGN_STYLE = Automatic;
				INFOPLIST_FILE = scoreboardTests/Info.plist;
				IPHONEOS_DEPLOYMENT_TARGET = 14.5;
				LD_RUNPATH_SEARCH_PATHS = (
					"$(inherited)",
					"@executable_path/Frameworks",
					"@loader_path/Frameworks",
				);
				PRODUCT_BUNDLE_IDENTIFIER = com.reeceolsen.scoreboardTests;
				PRODUCT_NAME = "$(TARGET_NAME)";
				SWIFT_VERSION = 5.0;
				TARGETED_DEVICE_FAMILY = "1,2";
				TEST_HOST = "$(BUILT_PRODUCTS_DIR)/scoreboard.app/scoreboard";
			};
			name = Release;
		};
		2BE9725C2720552C00E66AA6 /* Debug */ = {
			isa = XCBuildConfiguration;
			buildSettings = {
				ALWAYS_EMBED_SWIFT_STANDARD_LIBRARIES = YES;
				CODE_SIGN_STYLE = Automatic;
				INFOPLIST_FILE = scoreboardUITests/Info.plist;
				LD_RUNPATH_SEARCH_PATHS = (
					"$(inherited)",
					"@executable_path/Frameworks",
					"@loader_path/Frameworks",
				);
				PRODUCT_BUNDLE_IDENTIFIER = com.reeceolsen.scoreboardUITests;
				PRODUCT_NAME = "$(TARGET_NAME)";
				SWIFT_VERSION = 5.0;
				TARGETED_DEVICE_FAMILY = "1,2";
				TEST_TARGET_NAME = scoreboard;
			};
			name = Debug;
		};
		2BE9725D2720552C00E66AA6 /* Release */ = {
			isa = XCBuildConfiguration;
			buildSettings = {
				ALWAYS_EMBED_SWIFT_STANDARD_LIBRARIES = YES;
				CODE_SIGN_STYLE = Automatic;
				INFOPLIST_FILE = scoreboardUITests/Info.plist;
				LD_RUNPATH_SEARCH_PATHS = (
					"$(inherited)",
					"@executable_path/Frameworks",
					"@loader_path/Frameworks",
				);
				PRODUCT_BUNDLE_IDENTIFIER = com.reeceolsen.scoreboardUITests;
				PRODUCT_NAME = "$(TARGET_NAME)";
				SWIFT_VERSION = 5.0;
				TARGETED_DEVICE_FAMILY = "1,2";
				TEST_TARGET_NAME = scoreboard;
			};
			name = Release;
		};
/* End XCBuildConfiguration section */

/* Begin XCConfigurationList section */
		2BE972262720552900E66AA6 /* Build configuration list for PBXProject "scoreboard" */ = {
			isa = XCConfigurationList;
			buildConfigurations = (
				2BE972532720552C00E66AA6 /* Debug */,
				2BE972542720552C00E66AA6 /* Release */,
			);
			defaultConfigurationIsVisible = 0;
			defaultConfigurationName = Release;
		};
		2BE972552720552C00E66AA6 /* Build configuration list for PBXNativeTarget "scoreboard" */ = {
			isa = XCConfigurationList;
			buildConfigurations = (
				2BE972562720552C00E66AA6 /* Debug */,
				2BE972572720552C00E66AA6 /* Release */,
			);
			defaultConfigurationIsVisible = 0;
			defaultConfigurationName = Release;
		};
		2BE972582720552C00E66AA6 /* Build configuration list for PBXNativeTarget "scoreboardTests" */ = {
			isa = XCConfigurationList;
			buildConfigurations = (
				2BE972592720552C00E66AA6 /* Debug */,
				2BE9725A2720552C00E66AA6 /* Release */,
			);
			defaultConfigurationIsVisible = 0;
			defaultConfigurationName = Release;
		};
		2BE9725B2720552C00E66AA6 /* Build configuration list for PBXNativeTarget "scoreboardUITests" */ = {
			isa = XCConfigurationList;
			buildConfigurations = (
				2BE9725C2720552C00E66AA6 /* Debug */,
				2BE9725D2720552C00E66AA6 /* Release */,
			);
			defaultConfigurationIsVisible = 0;
			defaultConfigurationName = Release;
		};
/* End XCConfigurationList section */
	};
	rootObject = 2BE972232720552900E66AA6 /* Project object */;
}
