// !$*UTF8*$!
{
	archiveVersion = 1;
	classes = {
	};
	objectVersion = 55;
	objects = {

/* Begin PBXBuildFile section */
		2B1018F3273AD08E00E60FB2 /* AppDelegate.swift in Sources */ = {isa = PBXBuildFile; fileRef = 2B1018F2273AD08E00E60FB2 /* AppDelegate.swift */; };
		2B1018F5273AD08E00E60FB2 /* SceneDelegate.swift in Sources */ = {isa = PBXBuildFile; fileRef = 2B1018F4273AD08E00E60FB2 /* SceneDelegate.swift */; };
		2B1018F7273AD08E00E60FB2 /* ViewController.swift in Sources */ = {isa = PBXBuildFile; fileRef = 2B1018F6273AD08E00E60FB2 /* ViewController.swift */; };
		2B1018FA273AD08E00E60FB2 /* Main.storyboard in Resources */ = {isa = PBXBuildFile; fileRef = 2B1018F8273AD08E00E60FB2 /* Main.storyboard */; };
		2B1018FC273AD09100E60FB2 /* Assets.xcassets in Resources */ = {isa = PBXBuildFile; fileRef = 2B1018FB273AD09100E60FB2 /* Assets.xcassets */; };
		2B1018FF273AD09100E60FB2 /* LaunchScreen.storyboard in Resources */ = {isa = PBXBuildFile; fileRef = 2B1018FD273AD09100E60FB2 /* LaunchScreen.storyboard */; };
		2B10190A273AD09100E60FB2 /* MusicWireFrameTests.swift in Sources */ = {isa = PBXBuildFile; fileRef = 2B101909273AD09100E60FB2 /* MusicWireFrameTests.swift */; };
		2B101914273AD09100E60FB2 /* MusicWireFrameUITests.swift in Sources */ = {isa = PBXBuildFile; fileRef = 2B101913273AD09100E60FB2 /* MusicWireFrameUITests.swift */; };
		2B101916273AD09100E60FB2 /* MusicWireFrameUITestsLaunchTests.swift in Sources */ = {isa = PBXBuildFile; fileRef = 2B101915273AD09100E60FB2 /* MusicWireFrameUITestsLaunchTests.swift */; };
/* End PBXBuildFile section */

/* Begin PBXContainerItemProxy section */
		2B101906273AD09100E60FB2 /* PBXContainerItemProxy */ = {
			isa = PBXContainerItemProxy;
			containerPortal = 2B1018E7273AD08E00E60FB2 /* Project object */;
			proxyType = 1;
			remoteGlobalIDString = 2B1018EE273AD08E00E60FB2;
			remoteInfo = MusicWireFrame;
		};
		2B101910273AD09100E60FB2 /* PBXContainerItemProxy */ = {
			isa = PBXContainerItemProxy;
			containerPortal = 2B1018E7273AD08E00E60FB2 /* Project object */;
			proxyType = 1;
			remoteGlobalIDString = 2B1018EE273AD08E00E60FB2;
			remoteInfo = MusicWireFrame;
		};
/* End PBXContainerItemProxy section */

/* Begin PBXFileReference section */
		2B1018EF273AD08E00E60FB2 /* MusicWireFrame.app */ = {isa = PBXFileReference; explicitFileType = wrapper.application; includeInIndex = 0; path = MusicWireFrame.app; sourceTree = BUILT_PRODUCTS_DIR; };
		2B1018F2273AD08E00E60FB2 /* AppDelegate.swift */ = {isa = PBXFileReference; lastKnownFileType = sourcecode.swift; path = AppDelegate.swift; sourceTree = "<group>"; };
		2B1018F4273AD08E00E60FB2 /* SceneDelegate.swift */ = {isa = PBXFileReference; lastKnownFileType = sourcecode.swift; path = SceneDelegate.swift; sourceTree = "<group>"; };
		2B1018F6273AD08E00E60FB2 /* ViewController.swift */ = {isa = PBXFileReference; lastKnownFileType = sourcecode.swift; path = ViewController.swift; sourceTree = "<group>"; };
		2B1018F9273AD08E00E60FB2 /* Base */ = {isa = PBXFileReference; lastKnownFileType = file.storyboard; name = Base; path = Base.lproj/Main.storyboard; sourceTree = "<group>"; };
		2B1018FB273AD09100E60FB2 /* Assets.xcassets */ = {isa = PBXFileReference; lastKnownFileType = folder.assetcatalog; path = Assets.xcassets; sourceTree = "<group>"; };
		2B1018FE273AD09100E60FB2 /* Base */ = {isa = PBXFileReference; lastKnownFileType = file.storyboard; name = Base; path = Base.lproj/LaunchScreen.storyboard; sourceTree = "<group>"; };
		2B101900273AD09100E60FB2 /* Info.plist */ = {isa = PBXFileReference; lastKnownFileType = text.plist.xml; path = Info.plist; sourceTree = "<group>"; };
		2B101905273AD09100E60FB2 /* MusicWireFrameTests.xctest */ = {isa = PBXFileReference; explicitFileType = wrapper.cfbundle; includeInIndex = 0; path = MusicWireFrameTests.xctest; sourceTree = BUILT_PRODUCTS_DIR; };
		2B101909273AD09100E60FB2 /* MusicWireFrameTests.swift */ = {isa = PBXFileReference; lastKnownFileType = sourcecode.swift; path = MusicWireFrameTests.swift; sourceTree = "<group>"; };
		2B10190F273AD09100E60FB2 /* MusicWireFrameUITests.xctest */ = {isa = PBXFileReference; explicitFileType = wrapper.cfbundle; includeInIndex = 0; path = MusicWireFrameUITests.xctest; sourceTree = BUILT_PRODUCTS_DIR; };
		2B101913273AD09100E60FB2 /* MusicWireFrameUITests.swift */ = {isa = PBXFileReference; lastKnownFileType = sourcecode.swift; path = MusicWireFrameUITests.swift; sourceTree = "<group>"; };
		2B101915273AD09100E60FB2 /* MusicWireFrameUITestsLaunchTests.swift */ = {isa = PBXFileReference; lastKnownFileType = sourcecode.swift; path = MusicWireFrameUITestsLaunchTests.swift; sourceTree = "<group>"; };
/* End PBXFileReference section */

/* Begin PBXFrameworksBuildPhase section */
		2B1018EC273AD08E00E60FB2 /* Frameworks */ = {
			isa = PBXFrameworksBuildPhase;
			buildActionMask = 2147483647;
			files = (
			);
			runOnlyForDeploymentPostprocessing = 0;
		};
		2B101902273AD09100E60FB2 /* Frameworks */ = {
			isa = PBXFrameworksBuildPhase;
			buildActionMask = 2147483647;
			files = (
			);
			runOnlyForDeploymentPostprocessing = 0;
		};
		2B10190C273AD09100E60FB2 /* Frameworks */ = {
			isa = PBXFrameworksBuildPhase;
			buildActionMask = 2147483647;
			files = (
			);
			runOnlyForDeploymentPostprocessing = 0;
		};
/* End PBXFrameworksBuildPhase section */

/* Begin PBXGroup section */
		2B1018E6273AD08E00E60FB2 = {
			isa = PBXGroup;
			children = (
				2B1018F1273AD08E00E60FB2 /* MusicWireFrame */,
				2B101908273AD09100E60FB2 /* MusicWireFrameTests */,
				2B101912273AD09100E60FB2 /* MusicWireFrameUITests */,
				2B1018F0273AD08E00E60FB2 /* Products */,
			);
			sourceTree = "<group>";
		};
		2B1018F0273AD08E00E60FB2 /* Products */ = {
			isa = PBXGroup;
			children = (
				2B1018EF273AD08E00E60FB2 /* MusicWireFrame.app */,
				2B101905273AD09100E60FB2 /* MusicWireFrameTests.xctest */,
				2B10190F273AD09100E60FB2 /* MusicWireFrameUITests.xctest */,
			);
			name = Products;
			sourceTree = "<group>";
		};
		2B1018F1273AD08E00E60FB2 /* MusicWireFrame */ = {
			isa = PBXGroup;
			children = (
				2B1018F2273AD08E00E60FB2 /* AppDelegate.swift */,
				2B1018F4273AD08E00E60FB2 /* SceneDelegate.swift */,
				2B1018F6273AD08E00E60FB2 /* ViewController.swift */,
				2B1018F8273AD08E00E60FB2 /* Main.storyboard */,
				2B1018FB273AD09100E60FB2 /* Assets.xcassets */,
				2B1018FD273AD09100E60FB2 /* LaunchScreen.storyboard */,
				2B101900273AD09100E60FB2 /* Info.plist */,
			);
			path = MusicWireFrame;
			sourceTree = "<group>";
		};
		2B101908273AD09100E60FB2 /* MusicWireFrameTests */ = {
			isa = PBXGroup;
			children = (
				2B101909273AD09100E60FB2 /* MusicWireFrameTests.swift */,
			);
			path = MusicWireFrameTests;
			sourceTree = "<group>";
		};
		2B101912273AD09100E60FB2 /* MusicWireFrameUITests */ = {
			isa = PBXGroup;
			children = (
				2B101913273AD09100E60FB2 /* MusicWireFrameUITests.swift */,
				2B101915273AD09100E60FB2 /* MusicWireFrameUITestsLaunchTests.swift */,
			);
			path = MusicWireFrameUITests;
			sourceTree = "<group>";
		};
/* End PBXGroup section */

/* Begin PBXNativeTarget section */
		2B1018EE273AD08E00E60FB2 /* MusicWireFrame */ = {
			isa = PBXNativeTarget;
			buildConfigurationList = 2B101919273AD09200E60FB2 /* Build configuration list for PBXNativeTarget "MusicWireFrame" */;
			buildPhases = (
				2B1018EB273AD08E00E60FB2 /* Sources */,
				2B1018EC273AD08E00E60FB2 /* Frameworks */,
				2B1018ED273AD08E00E60FB2 /* Resources */,
			);
			buildRules = (
			);
			dependencies = (
			);
			name = MusicWireFrame;
			productName = MusicWireFrame;
			productReference = 2B1018EF273AD08E00E60FB2 /* MusicWireFrame.app */;
			productType = "com.apple.product-type.application";
		};
		2B101904273AD09100E60FB2 /* MusicWireFrameTests */ = {
			isa = PBXNativeTarget;
			buildConfigurationList = 2B10191C273AD09200E60FB2 /* Build configuration list for PBXNativeTarget "MusicWireFrameTests" */;
			buildPhases = (
				2B101901273AD09100E60FB2 /* Sources */,
				2B101902273AD09100E60FB2 /* Frameworks */,
				2B101903273AD09100E60FB2 /* Resources */,
			);
			buildRules = (
			);
			dependencies = (
				2B101907273AD09100E60FB2 /* PBXTargetDependency */,
			);
			name = MusicWireFrameTests;
			productName = MusicWireFrameTests;
			productReference = 2B101905273AD09100E60FB2 /* MusicWireFrameTests.xctest */;
			productType = "com.apple.product-type.bundle.unit-test";
		};
		2B10190E273AD09100E60FB2 /* MusicWireFrameUITests */ = {
			isa = PBXNativeTarget;
			buildConfigurationList = 2B10191F273AD09200E60FB2 /* Build configuration list for PBXNativeTarget "MusicWireFrameUITests" */;
			buildPhases = (
				2B10190B273AD09100E60FB2 /* Sources */,
				2B10190C273AD09100E60FB2 /* Frameworks */,
				2B10190D273AD09100E60FB2 /* Resources */,
			);
			buildRules = (
			);
			dependencies = (
				2B101911273AD09100E60FB2 /* PBXTargetDependency */,
			);
			name = MusicWireFrameUITests;
			productName = MusicWireFrameUITests;
			productReference = 2B10190F273AD09100E60FB2 /* MusicWireFrameUITests.xctest */;
			productType = "com.apple.product-type.bundle.ui-testing";
		};
/* End PBXNativeTarget section */

/* Begin PBXProject section */
		2B1018E7273AD08E00E60FB2 /* Project object */ = {
			isa = PBXProject;
			attributes = {
				BuildIndependentTargetsInParallel = 1;
				LastSwiftUpdateCheck = 1310;
				LastUpgradeCheck = 1310;
				TargetAttributes = {
					2B1018EE273AD08E00E60FB2 = {
						CreatedOnToolsVersion = 13.1;
					};
					2B101904273AD09100E60FB2 = {
						CreatedOnToolsVersion = 13.1;
						TestTargetID = 2B1018EE273AD08E00E60FB2;
					};
					2B10190E273AD09100E60FB2 = {
						CreatedOnToolsVersion = 13.1;
						TestTargetID = 2B1018EE273AD08E00E60FB2;
					};
				};
			};
			buildConfigurationList = 2B1018EA273AD08E00E60FB2 /* Build configuration list for PBXProject "MusicWireFrame" */;
			compatibilityVersion = "Xcode 13.0";
			developmentRegion = en;
			hasScannedForEncodings = 0;
			knownRegions = (
				en,
				Base,
			);
			mainGroup = 2B1018E6273AD08E00E60FB2;
			productRefGroup = 2B1018F0273AD08E00E60FB2 /* Products */;
			projectDirPath = "";
			projectRoot = "";
			targets = (
				2B1018EE273AD08E00E60FB2 /* MusicWireFrame */,
				2B101904273AD09100E60FB2 /* MusicWireFrameTests */,
				2B10190E273AD09100E60FB2 /* MusicWireFrameUITests */,
			);
		};
/* End PBXProject section */

/* Begin PBXResourcesBuildPhase section */
		2B1018ED273AD08E00E60FB2 /* Resources */ = {
			isa = PBXResourcesBuildPhase;
			buildActionMask = 2147483647;
			files = (
				2B1018FF273AD09100E60FB2 /* LaunchScreen.storyboard in Resources */,
				2B1018FC273AD09100E60FB2 /* Assets.xcassets in Resources */,
				2B1018FA273AD08E00E60FB2 /* Main.storyboard in Resources */,
			);
			runOnlyForDeploymentPostprocessing = 0;
		};
		2B101903273AD09100E60FB2 /* Resources */ = {
			isa = PBXResourcesBuildPhase;
			buildActionMask = 2147483647;
			files = (
			);
			runOnlyForDeploymentPostprocessing = 0;
		};
		2B10190D273AD09100E60FB2 /* Resources */ = {
			isa = PBXResourcesBuildPhase;
			buildActionMask = 2147483647;
			files = (
			);
			runOnlyForDeploymentPostprocessing = 0;
		};
/* End PBXResourcesBuildPhase section */

/* Begin PBXSourcesBuildPhase section */
		2B1018EB273AD08E00E60FB2 /* Sources */ = {
			isa = PBXSourcesBuildPhase;
			buildActionMask = 2147483647;
			files = (
				2B1018F7273AD08E00E60FB2 /* ViewController.swift in Sources */,
				2B1018F3273AD08E00E60FB2 /* AppDelegate.swift in Sources */,
				2B1018F5273AD08E00E60FB2 /* SceneDelegate.swift in Sources */,
			);
			runOnlyForDeploymentPostprocessing = 0;
		};
		2B101901273AD09100E60FB2 /* Sources */ = {
			isa = PBXSourcesBuildPhase;
			buildActionMask = 2147483647;
			files = (
				2B10190A273AD09100E60FB2 /* MusicWireFrameTests.swift in Sources */,
			);
			runOnlyForDeploymentPostprocessing = 0;
		};
		2B10190B273AD09100E60FB2 /* Sources */ = {
			isa = PBXSourcesBuildPhase;
			buildActionMask = 2147483647;
			files = (
				2B101914273AD09100E60FB2 /* MusicWireFrameUITests.swift in Sources */,
				2B101916273AD09100E60FB2 /* MusicWireFrameUITestsLaunchTests.swift in Sources */,
			);
			runOnlyForDeploymentPostprocessing = 0;
		};
/* End PBXSourcesBuildPhase section */

/* Begin PBXTargetDependency section */
		2B101907273AD09100E60FB2 /* PBXTargetDependency */ = {
			isa = PBXTargetDependency;
			target = 2B1018EE273AD08E00E60FB2 /* MusicWireFrame */;
			targetProxy = 2B101906273AD09100E60FB2 /* PBXContainerItemProxy */;
		};
		2B101911273AD09100E60FB2 /* PBXTargetDependency */ = {
			isa = PBXTargetDependency;
			target = 2B1018EE273AD08E00E60FB2 /* MusicWireFrame */;
			targetProxy = 2B101910273AD09100E60FB2 /* PBXContainerItemProxy */;
		};
/* End PBXTargetDependency section */

/* Begin PBXVariantGroup section */
		2B1018F8273AD08E00E60FB2 /* Main.storyboard */ = {
			isa = PBXVariantGroup;
			children = (
				2B1018F9273AD08E00E60FB2 /* Base */,
			);
			name = Main.storyboard;
			sourceTree = "<group>";
		};
		2B1018FD273AD09100E60FB2 /* LaunchScreen.storyboard */ = {
			isa = PBXVariantGroup;
			children = (
				2B1018FE273AD09100E60FB2 /* Base */,
			);
			name = LaunchScreen.storyboard;
			sourceTree = "<group>";
		};
/* End PBXVariantGroup section */

/* Begin XCBuildConfiguration section */
		2B101917273AD09100E60FB2 /* Debug */ = {
			isa = XCBuildConfiguration;
			buildSettings = {
				ALWAYS_SEARCH_USER_PATHS = NO;
				CLANG_ANALYZER_NONNULL = YES;
				CLANG_ANALYZER_NUMBER_OBJECT_CONVERSION = YES_AGGRESSIVE;
				CLANG_CXX_LANGUAGE_STANDARD = "gnu++17";
				CLANG_CXX_LIBRARY = "libc++";
				CLANG_ENABLE_MODULES = YES;
				CLANG_ENABLE_OBJC_ARC = YES;
				CLANG_ENABLE_OBJC_WEAK = YES;
				CLANG_WARN_BLOCK_CAPTURE_AUTORELEASING = YES;
				CLANG_WARN_BOOL_CONVERSION = YES;
				CLANG_WARN_COMMA = YES;
				CLANG_WARN_CONSTANT_CONVERSION = YES;
				CLANG_WARN_DEPRECATED_OBJC_IMPLEMENTATIONS = YES;
				CLANG_WARN_DIRECT_OBJC_ISA_USAGE = YES_ERROR;
				CLANG_WARN_DOCUMENTATION_COMMENTS = YES;
				CLANG_WARN_EMPTY_BODY = YES;
				CLANG_WARN_ENUM_CONVERSION = YES;
				CLANG_WARN_INFINITE_RECURSION = YES;
				CLANG_WARN_INT_CONVERSION = YES;
				CLANG_WARN_NON_LITERAL_NULL_CONVERSION = YES;
				CLANG_WARN_OBJC_IMPLICIT_RETAIN_SELF = YES;
				CLANG_WARN_OBJC_LITERAL_CONVERSION = YES;
				CLANG_WARN_OBJC_ROOT_CLASS = YES_ERROR;
				CLANG_WARN_QUOTED_INCLUDE_IN_FRAMEWORK_HEADER = YES;
				CLANG_WARN_RANGE_LOOP_ANALYSIS = YES;
				CLANG_WARN_STRICT_PROTOTYPES = YES;
				CLANG_WARN_SUSPICIOUS_MOVE = YES;
				CLANG_WARN_UNGUARDED_AVAILABILITY = YES_AGGRESSIVE;
				CLANG_WARN_UNREACHABLE_CODE = YES;
				CLANG_WARN__DUPLICATE_METHOD_MATCH = YES;
				COPY_PHASE_STRIP = NO;
				DEBUG_INFORMATION_FORMAT = dwarf;
				ENABLE_STRICT_OBJC_MSGSEND = YES;
				ENABLE_TESTABILITY = YES;
				GCC_C_LANGUAGE_STANDARD = gnu11;
				GCC_DYNAMIC_NO_PIC = NO;
				GCC_NO_COMMON_BLOCKS = YES;
				GCC_OPTIMIZATION_LEVEL = 0;
				GCC_PREPROCESSOR_DEFINITIONS = (
					"DEBUG=1",
					"$(inherited)",
				);
				GCC_WARN_64_TO_32_BIT_CONVERSION = YES;
				GCC_WARN_ABOUT_RETURN_TYPE = YES_ERROR;
				GCC_WARN_UNDECLARED_SELECTOR = YES;
				GCC_WARN_UNINITIALIZED_AUTOS = YES_AGGRESSIVE;
				GCC_WARN_UNUSED_FUNCTION = YES;
				GCC_WARN_UNUSED_VARIABLE = YES;
				IPHONEOS_DEPLOYMENT_TARGET = 15.0;
				MTL_ENABLE_DEBUG_INFO = INCLUDE_SOURCE;
				MTL_FAST_MATH = YES;
				ONLY_ACTIVE_ARCH = YES;
				SDKROOT = iphoneos;
				SWIFT_ACTIVE_COMPILATION_CONDITIONS = DEBUG;
				SWIFT_OPTIMIZATION_LEVEL = "-Onone";
			};
			name = Debug;
		};
		2B101918273AD09100E60FB2 /* Release */ = {
			isa = XCBuildConfiguration;
			buildSettings = {
				ALWAYS_SEARCH_USER_PATHS = NO;
				CLANG_ANALYZER_NONNULL = YES;
				CLANG_ANALYZER_NUMBER_OBJECT_CONVERSION = YES_AGGRESSIVE;
				CLANG_CXX_LANGUAGE_STANDARD = "gnu++17";
				CLANG_CXX_LIBRARY = "libc++";
				CLANG_ENABLE_MODULES = YES;
				CLANG_ENABLE_OBJC_ARC = YES;
				CLANG_ENABLE_OBJC_WEAK = YES;
				CLANG_WARN_BLOCK_CAPTURE_AUTORELEASING = YES;
				CLANG_WARN_BOOL_CONVERSION = YES;
				CLANG_WARN_COMMA = YES;
				CLANG_WARN_CONSTANT_CONVERSION = YES;
				CLANG_WARN_DEPRECATED_OBJC_IMPLEMENTATIONS = YES;
				CLANG_WARN_DIRECT_OBJC_ISA_USAGE = YES_ERROR;
				CLANG_WARN_DOCUMENTATION_COMMENTS = YES;
				CLANG_WARN_EMPTY_BODY = YES;
				CLANG_WARN_ENUM_CONVERSION = YES;
				CLANG_WARN_INFINITE_RECURSION = YES;
				CLANG_WARN_INT_CONVERSION = YES;
				CLANG_WARN_NON_LITERAL_NULL_CONVERSION = YES;
				CLANG_WARN_OBJC_IMPLICIT_RETAIN_SELF = YES;
				CLANG_WARN_OBJC_LITERAL_CONVERSION = YES;
				CLANG_WARN_OBJC_ROOT_CLASS = YES_ERROR;
				CLANG_WARN_QUOTED_INCLUDE_IN_FRAMEWORK_HEADER = YES;
				CLANG_WARN_RANGE_LOOP_ANALYSIS = YES;
				CLANG_WARN_STRICT_PROTOTYPES = YES;
				CLANG_WARN_SUSPICIOUS_MOVE = YES;
				CLANG_WARN_UNGUARDED_AVAILABILITY = YES_AGGRESSIVE;
				CLANG_WARN_UNREACHABLE_CODE = YES;
				CLANG_WARN__DUPLICATE_METHOD_MATCH = YES;
				COPY_PHASE_STRIP = NO;
				DEBUG_INFORMATION_FORMAT = "dwarf-with-dsym";
				ENABLE_NS_ASSERTIONS = NO;
				ENABLE_STRICT_OBJC_MSGSEND = YES;
				GCC_C_LANGUAGE_STANDARD = gnu11;
				GCC_NO_COMMON_BLOCKS = YES;
				GCC_WARN_64_TO_32_BIT_CONVERSION = YES;
				GCC_WARN_ABOUT_RETURN_TYPE = YES_ERROR;
				GCC_WARN_UNDECLARED_SELECTOR = YES;
				GCC_WARN_UNINITIALIZED_AUTOS = YES_AGGRESSIVE;
				GCC_WARN_UNUSED_FUNCTION = YES;
				GCC_WARN_UNUSED_VARIABLE = YES;
				IPHONEOS_DEPLOYMENT_TARGET = 15.0;
				MTL_ENABLE_DEBUG_INFO = NO;
				MTL_FAST_MATH = YES;
				SDKROOT = iphoneos;
				SWIFT_COMPILATION_MODE = wholemodule;
				SWIFT_OPTIMIZATION_LEVEL = "-O";
				VALIDATE_PRODUCT = YES;
			};
			name = Release;
		};
		2B10191A273AD09200E60FB2 /* Debug */ = {
			isa = XCBuildConfiguration;
			buildSettings = {
				ASSETCATALOG_COMPILER_APPICON_NAME = AppIcon;
				ASSETCATALOG_COMPILER_GLOBAL_ACCENT_COLOR_NAME = AccentColor;
				CODE_SIGN_STYLE = Automatic;
				CURRENT_PROJECT_VERSION = 1;
				GENERATE_INFOPLIST_FILE = YES;
				INFOPLIST_FILE = MusicWireFrame/Info.plist;
				INFOPLIST_KEY_UIApplicationSupportsIndirectInputEvents = YES;
				INFOPLIST_KEY_UILaunchStoryboardName = LaunchScreen;
				INFOPLIST_KEY_UIMainStoryboardFile = Main;
				INFOPLIST_KEY_UISupportedInterfaceOrientations_iPad = "UIInterfaceOrientationPortrait UIInterfaceOrientationPortraitUpsideDown UIInterfaceOrientationLandscapeLeft UIInterfaceOrientationLandscapeRight";
				INFOPLIST_KEY_UISupportedInterfaceOrientations_iPhone = "UIInterfaceOrientationPortrait UIInterfaceOrientationLandscapeLeft UIInterfaceOrientationLandscapeRight";
				LD_RUNPATH_SEARCH_PATHS = (
					"$(inherited)",
					"@executable_path/Frameworks",
				);
				MARKETING_VERSION = 1.0;
				PRODUCT_BUNDLE_IDENTIFIER = com.reeceolsen.MusicWireFrame;
				PRODUCT_NAME = "$(TARGET_NAME)";
				SWIFT_EMIT_LOC_STRINGS = YES;
				SWIFT_VERSION = 5.0;
				TARGETED_DEVICE_FAMILY = "1,2";
			};
			name = Debug;
		};
		2B10191B273AD09200E60FB2 /* Release */ = {
			isa = XCBuildConfiguration;
			buildSettings = {
				ASSETCATALOG_COMPILER_APPICON_NAME = AppIcon;
				ASSETCATALOG_COMPILER_GLOBAL_ACCENT_COLOR_NAME = AccentColor;
				CODE_SIGN_STYLE = Automatic;
				CURRENT_PROJECT_VERSION = 1;
				GENERATE_INFOPLIST_FILE = YES;
				INFOPLIST_FILE = MusicWireFrame/Info.plist;
				INFOPLIST_KEY_UIApplicationSupportsIndirectInputEvents = YES;
				INFOPLIST_KEY_UILaunchStoryboardName = LaunchScreen;
				INFOPLIST_KEY_UIMainStoryboardFile = Main;
				INFOPLIST_KEY_UISupportedInterfaceOrientations_iPad = "UIInterfaceOrientationPortrait UIInterfaceOrientationPortraitUpsideDown UIInterfaceOrientationLandscapeLeft UIInterfaceOrientationLandscapeRight";
				INFOPLIST_KEY_UISupportedInterfaceOrientations_iPhone = "UIInterfaceOrientationPortrait UIInterfaceOrientationLandscapeLeft UIInterfaceOrientationLandscapeRight";
				LD_RUNPATH_SEARCH_PATHS = (
					"$(inherited)",
					"@executable_path/Frameworks",
				);
				MARKETING_VERSION = 1.0;
				PRODUCT_BUNDLE_IDENTIFIER = com.reeceolsen.MusicWireFrame;
				PRODUCT_NAME = "$(TARGET_NAME)";
				SWIFT_EMIT_LOC_STRINGS = YES;
				SWIFT_VERSION = 5.0;
				TARGETED_DEVICE_FAMILY = "1,2";
			};
			name = Release;
		};
		2B10191D273AD09200E60FB2 /* Debug */ = {
			isa = XCBuildConfiguration;
			buildSettings = {
				ALWAYS_EMBED_SWIFT_STANDARD_LIBRARIES = YES;
				BUNDLE_LOADER = "$(TEST_HOST)";
				CODE_SIGN_STYLE = Automatic;
				CURRENT_PROJECT_VERSION = 1;
				GENERATE_INFOPLIST_FILE = YES;
				IPHONEOS_DEPLOYMENT_TARGET = 15.0;
				LD_RUNPATH_SEARCH_PATHS = (
					"$(inherited)",
					"@executable_path/Frameworks",
					"@loader_path/Frameworks",
				);
				MARKETING_VERSION = 1.0;
				PRODUCT_BUNDLE_IDENTIFIER = com.reeceolsen.MusicWireFrameTests;
				PRODUCT_NAME = "$(TARGET_NAME)";
				SWIFT_EMIT_LOC_STRINGS = NO;
				SWIFT_VERSION = 5.0;
				TARGETED_DEVICE_FAMILY = "1,2";
				TEST_HOST = "$(BUILT_PRODUCTS_DIR)/MusicWireFrame.app/MusicWireFrame";
			};
			name = Debug;
		};
		2B10191E273AD09200E60FB2 /* Release */ = {
			isa = XCBuildConfiguration;
			buildSettings = {
				ALWAYS_EMBED_SWIFT_STANDARD_LIBRARIES = YES;
				BUNDLE_LOADER = "$(TEST_HOST)";
				CODE_SIGN_STYLE = Automatic;
				CURRENT_PROJECT_VERSION = 1;
				GENERATE_INFOPLIST_FILE = YES;
				IPHONEOS_DEPLOYMENT_TARGET = 15.0;
				LD_RUNPATH_SEARCH_PATHS = (
					"$(inherited)",
					"@executable_path/Frameworks",
					"@loader_path/Frameworks",
				);
				MARKETING_VERSION = 1.0;
				PRODUCT_BUNDLE_IDENTIFIER = com.reeceolsen.MusicWireFrameTests;
				PRODUCT_NAME = "$(TARGET_NAME)";
				SWIFT_EMIT_LOC_STRINGS = NO;
				SWIFT_VERSION = 5.0;
				TARGETED_DEVICE_FAMILY = "1,2";
				TEST_HOST = "$(BUILT_PRODUCTS_DIR)/MusicWireFrame.app/MusicWireFrame";
			};
			name = Release;
		};
		2B101920273AD09200E60FB2 /* Debug */ = {
			isa = XCBuildConfiguration;
			buildSettings = {
				ALWAYS_EMBED_SWIFT_STANDARD_LIBRARIES = YES;
				CODE_SIGN_STYLE = Automatic;
				CURRENT_PROJECT_VERSION = 1;
				GENERATE_INFOPLIST_FILE = YES;
				LD_RUNPATH_SEARCH_PATHS = (
					"$(inherited)",
					"@executable_path/Frameworks",
					"@loader_path/Frameworks",
				);
				MARKETING_VERSION = 1.0;
				PRODUCT_BUNDLE_IDENTIFIER = com.reeceolsen.MusicWireFrameUITests;
				PRODUCT_NAME = "$(TARGET_NAME)";
				SWIFT_EMIT_LOC_STRINGS = NO;
				SWIFT_VERSION = 5.0;
				TARGETED_DEVICE_FAMILY = "1,2";
				TEST_TARGET_NAME = MusicWireFrame;
			};
			name = Debug;
		};
		2B101921273AD09200E60FB2 /* Release */ = {
			isa = XCBuildConfiguration;
			buildSettings = {
				ALWAYS_EMBED_SWIFT_STANDARD_LIBRARIES = YES;
				CODE_SIGN_STYLE = Automatic;
				CURRENT_PROJECT_VERSION = 1;
				GENERATE_INFOPLIST_FILE = YES;
				LD_RUNPATH_SEARCH_PATHS = (
					"$(inherited)",
					"@executable_path/Frameworks",
					"@loader_path/Frameworks",
				);
				MARKETING_VERSION = 1.0;
				PRODUCT_BUNDLE_IDENTIFIER = com.reeceolsen.MusicWireFrameUITests;
				PRODUCT_NAME = "$(TARGET_NAME)";
				SWIFT_EMIT_LOC_STRINGS = NO;
				SWIFT_VERSION = 5.0;
				TARGETED_DEVICE_FAMILY = "1,2";
				TEST_TARGET_NAME = MusicWireFrame;
			};
			name = Release;
		};
/* End XCBuildConfiguration section */

/* Begin XCConfigurationList section */
		2B1018EA273AD08E00E60FB2 /* Build configuration list for PBXProject "MusicWireFrame" */ = {
			isa = XCConfigurationList;
			buildConfigurations = (
				2B101917273AD09100E60FB2 /* Debug */,
				2B101918273AD09100E60FB2 /* Release */,
			);
			defaultConfigurationIsVisible = 0;
			defaultConfigurationName = Release;
		};
		2B101919273AD09200E60FB2 /* Build configuration list for PBXNativeTarget "MusicWireFrame" */ = {
			isa = XCConfigurationList;
			buildConfigurations = (
				2B10191A273AD09200E60FB2 /* Debug */,
				2B10191B273AD09200E60FB2 /* Release */,
			);
			defaultConfigurationIsVisible = 0;
			defaultConfigurationName = Release;
		};
		2B10191C273AD09200E60FB2 /* Build configuration list for PBXNativeTarget "MusicWireFrameTests" */ = {
			isa = XCConfigurationList;
			buildConfigurations = (
				2B10191D273AD09200E60FB2 /* Debug */,
				2B10191E273AD09200E60FB2 /* Release */,
			);
			defaultConfigurationIsVisible = 0;
			defaultConfigurationName = Release;
		};
		2B10191F273AD09200E60FB2 /* Build configuration list for PBXNativeTarget "MusicWireFrameUITests" */ = {
			isa = XCConfigurationList;
			buildConfigurations = (
				2B101920273AD09200E60FB2 /* Debug */,
				2B101921273AD09200E60FB2 /* Release */,
			);
			defaultConfigurationIsVisible = 0;
			defaultConfigurationName = Release;
		};
/* End XCConfigurationList section */
	};
	rootObject = 2B1018E7273AD08E00E60FB2 /* Project object */;
}
